// !$*UTF8*$!
{
	archiveVersion = 1;
	classes = {
	};
	objectVersion = 48;
	objects = {

/* Begin PBXBuildFile section */
		A106DA40203811DD00291896 /* RealmFlow.framework in Frameworks */ = {isa = PBXBuildFile; fileRef = A106DA36203811DD00291896 /* RealmFlow.framework */; };
		A106DA45203811DD00291896 /* RealmFlowTests.swift in Sources */ = {isa = PBXBuildFile; fileRef = A106DA44203811DD00291896 /* RealmFlowTests.swift */; };
		A106DA5B2038134D00291896 /* RealmFlow+Static.swift in Sources */ = {isa = PBXBuildFile; fileRef = A106DA502038134D00291896 /* RealmFlow+Static.swift */; };
		A106DA5C2038134D00291896 /* RealmFlow+Delete.swift in Sources */ = {isa = PBXBuildFile; fileRef = A106DA512038134D00291896 /* RealmFlow+Delete.swift */; };
		A106DA5D2038134D00291896 /* RealmFlow+ReadWrite.swift in Sources */ = {isa = PBXBuildFile; fileRef = A106DA522038134D00291896 /* RealmFlow+ReadWrite.swift */; };
		A106DA5E2038134D00291896 /* RealmFlow.swift in Sources */ = {isa = PBXBuildFile; fileRef = A106DA532038134D00291896 /* RealmFlow.swift */; };
		A106DA5F2038134D00291896 /* ReadWrite.swift in Sources */ = {isa = PBXBuildFile; fileRef = A106DA542038134D00291896 /* ReadWrite.swift */; };
		A106DA602038134D00291896 /* RawOrWrap.swift in Sources */ = {isa = PBXBuildFile; fileRef = A106DA552038134D00291896 /* RawOrWrap.swift */; };
		A106DA612038134D00291896 /* RealmFlow+ReadOnly.swift in Sources */ = {isa = PBXBuildFile; fileRef = A106DA562038134D00291896 /* RealmFlow+ReadOnly.swift */; };
		A106DA622038134D00291896 /* Realm+Util.swift in Sources */ = {isa = PBXBuildFile; fileRef = A106DA572038134D00291896 /* Realm+Util.swift */; };
		A106DA632038134D00291896 /* Realm+Run.swift in Sources */ = {isa = PBXBuildFile; fileRef = A106DA582038134D00291896 /* Realm+Run.swift */; };
		A106DA642038134D00291896 /* RealmFlow+WriteOnly.swift in Sources */ = {isa = PBXBuildFile; fileRef = A106DA592038134D00291896 /* RealmFlow+WriteOnly.swift */; };
		A106DA652038134D00291896 /* RealmFlow+Add.swift in Sources */ = {isa = PBXBuildFile; fileRef = A106DA5A2038134D00291896 /* RealmFlow+Add.swift */; };
		A15EA5B02039A38F0019E3D7 /* RealmFlow+Combine.swift in Sources */ = {isa = PBXBuildFile; fileRef = A15EA5AF2039A38F0019E3D7 /* RealmFlow+Combine.swift */; };
		A15EA5B12039AB450019E3D7 /* RealmFlow+Combine.swift in Sources */ = {isa = PBXBuildFile; fileRef = A15EA5AF2039A38F0019E3D7 /* RealmFlow+Combine.swift */; };
		A15EA5B22039AB4F0019E3D7 /* RealmFlow+Combine.swift in Sources */ = {isa = PBXBuildFile; fileRef = A15EA5AF2039A38F0019E3D7 /* RealmFlow+Combine.swift */; };
		A15EA5B32039AB550019E3D7 /* RealmFlow+Combine.swift in Sources */ = {isa = PBXBuildFile; fileRef = A15EA5AF2039A38F0019E3D7 /* RealmFlow+Combine.swift */; };
		A15EA5B42039AB5B0019E3D7 /* RealmFlow+Combine.swift in Sources */ = {isa = PBXBuildFile; fileRef = A15EA5AF2039A38F0019E3D7 /* RealmFlow+Combine.swift */; };
		A15EA5B52039AB610019E3D7 /* RealmFlow+Combine.swift in Sources */ = {isa = PBXBuildFile; fileRef = A15EA5AF2039A38F0019E3D7 /* RealmFlow+Combine.swift */; };
		A15EA5B62039AB670019E3D7 /* RealmFlow+Combine.swift in Sources */ = {isa = PBXBuildFile; fileRef = A15EA5AF2039A38F0019E3D7 /* RealmFlow+Combine.swift */; };
		A15EA5B72039AB6D0019E3D7 /* RealmFlow+Combine.swift in Sources */ = {isa = PBXBuildFile; fileRef = A15EA5AF2039A38F0019E3D7 /* RealmFlow+Combine.swift */; };
		A1D1F0F02038153C00C1A3FA /* RealmSwift.framework in Frameworks */ = {isa = PBXBuildFile; fileRef = A1D1F0EE2038153C00C1A3FA /* RealmSwift.framework */; };
		A1D1F0F12038153C00C1A3FA /* Realm.framework in Frameworks */ = {isa = PBXBuildFile; fileRef = A1D1F0EF2038153C00C1A3FA /* Realm.framework */; };
		A1D1F0F42038187700C1A3FA /* RealmSwift.framework in Frameworks */ = {isa = PBXBuildFile; fileRef = A1D1F0F22038187700C1A3FA /* RealmSwift.framework */; };
		A1D1F0F52038187700C1A3FA /* Realm.framework in Frameworks */ = {isa = PBXBuildFile; fileRef = A1D1F0F32038187700C1A3FA /* Realm.framework */; };
		A1D1F0F8203818C100C1A3FA /* Realm.framework in Frameworks */ = {isa = PBXBuildFile; fileRef = A1D1F0F6203818C100C1A3FA /* Realm.framework */; };
		A1D1F0F9203818C100C1A3FA /* RealmSwift.framework in Frameworks */ = {isa = PBXBuildFile; fileRef = A1D1F0F7203818C100C1A3FA /* RealmSwift.framework */; };
		A1D1F0FC203818D300C1A3FA /* Realm.framework in Frameworks */ = {isa = PBXBuildFile; fileRef = A1D1F0FA203818D300C1A3FA /* Realm.framework */; };
		A1D1F0FD203818D300C1A3FA /* RealmSwift.framework in Frameworks */ = {isa = PBXBuildFile; fileRef = A1D1F0FB203818D300C1A3FA /* RealmSwift.framework */; };
		A1D1F1462038243E00C1A3FA /* RealmFlow.framework in Frameworks */ = {isa = PBXBuildFile; fileRef = A1D1F13D2038243E00C1A3FA /* RealmFlow.framework */; };
		A1D1F1622038246400C1A3FA /* RealmFlow.framework in Frameworks */ = {isa = PBXBuildFile; fileRef = A1D1F1592038246400C1A3FA /* RealmFlow.framework */; };
		A1D1F17E2038247E00C1A3FA /* RealmFlow.framework in Frameworks */ = {isa = PBXBuildFile; fileRef = A1D1F1752038247E00C1A3FA /* RealmFlow.framework */; };
		A1D1F1992038253600C1A3FA /* RawOrWrap.swift in Sources */ = {isa = PBXBuildFile; fileRef = A106DA552038134D00291896 /* RawOrWrap.swift */; };
		A1D1F19A2038253600C1A3FA /* ReadWrite.swift in Sources */ = {isa = PBXBuildFile; fileRef = A106DA542038134D00291896 /* ReadWrite.swift */; };
		A1D1F19B2038253600C1A3FA /* Realm+Run.swift in Sources */ = {isa = PBXBuildFile; fileRef = A106DA582038134D00291896 /* Realm+Run.swift */; };
		A1D1F19C2038253600C1A3FA /* Realm+Util.swift in Sources */ = {isa = PBXBuildFile; fileRef = A106DA572038134D00291896 /* Realm+Util.swift */; };
		A1D1F19D2038253600C1A3FA /* RealmFlow.swift in Sources */ = {isa = PBXBuildFile; fileRef = A106DA532038134D00291896 /* RealmFlow.swift */; };
		A1D1F19E2038253600C1A3FA /* RealmFlow+Add.swift in Sources */ = {isa = PBXBuildFile; fileRef = A106DA5A2038134D00291896 /* RealmFlow+Add.swift */; };
		A1D1F19F2038253600C1A3FA /* RealmFlow+Delete.swift in Sources */ = {isa = PBXBuildFile; fileRef = A106DA512038134D00291896 /* RealmFlow+Delete.swift */; };
		A1D1F1A02038253600C1A3FA /* RealmFlow+ReadOnly.swift in Sources */ = {isa = PBXBuildFile; fileRef = A106DA562038134D00291896 /* RealmFlow+ReadOnly.swift */; };
		A1D1F1A12038253600C1A3FA /* RealmFlow+ReadWrite.swift in Sources */ = {isa = PBXBuildFile; fileRef = A106DA522038134D00291896 /* RealmFlow+ReadWrite.swift */; };
		A1D1F1A22038253600C1A3FA /* RealmFlow+Static.swift in Sources */ = {isa = PBXBuildFile; fileRef = A106DA502038134D00291896 /* RealmFlow+Static.swift */; };
		A1D1F1A32038253600C1A3FA /* RealmFlow+WriteOnly.swift in Sources */ = {isa = PBXBuildFile; fileRef = A106DA592038134D00291896 /* RealmFlow+WriteOnly.swift */; };
		A1D1F1A42038255700C1A3FA /* RawOrWrap.swift in Sources */ = {isa = PBXBuildFile; fileRef = A106DA552038134D00291896 /* RawOrWrap.swift */; };
		A1D1F1A52038255700C1A3FA /* ReadWrite.swift in Sources */ = {isa = PBXBuildFile; fileRef = A106DA542038134D00291896 /* ReadWrite.swift */; };
		A1D1F1A62038255700C1A3FA /* Realm+Run.swift in Sources */ = {isa = PBXBuildFile; fileRef = A106DA582038134D00291896 /* Realm+Run.swift */; };
		A1D1F1A72038255700C1A3FA /* Realm+Util.swift in Sources */ = {isa = PBXBuildFile; fileRef = A106DA572038134D00291896 /* Realm+Util.swift */; };
		A1D1F1A82038255700C1A3FA /* RealmFlow.swift in Sources */ = {isa = PBXBuildFile; fileRef = A106DA532038134D00291896 /* RealmFlow.swift */; };
		A1D1F1A92038255700C1A3FA /* RealmFlow+Add.swift in Sources */ = {isa = PBXBuildFile; fileRef = A106DA5A2038134D00291896 /* RealmFlow+Add.swift */; };
		A1D1F1AA2038255700C1A3FA /* RealmFlow+Delete.swift in Sources */ = {isa = PBXBuildFile; fileRef = A106DA512038134D00291896 /* RealmFlow+Delete.swift */; };
		A1D1F1AB2038255700C1A3FA /* RealmFlow+ReadOnly.swift in Sources */ = {isa = PBXBuildFile; fileRef = A106DA562038134D00291896 /* RealmFlow+ReadOnly.swift */; };
		A1D1F1AC2038255700C1A3FA /* RealmFlow+ReadWrite.swift in Sources */ = {isa = PBXBuildFile; fileRef = A106DA522038134D00291896 /* RealmFlow+ReadWrite.swift */; };
		A1D1F1AD2038255700C1A3FA /* RealmFlow+Static.swift in Sources */ = {isa = PBXBuildFile; fileRef = A106DA502038134D00291896 /* RealmFlow+Static.swift */; };
		A1D1F1AE2038255700C1A3FA /* RealmFlow+WriteOnly.swift in Sources */ = {isa = PBXBuildFile; fileRef = A106DA592038134D00291896 /* RealmFlow+WriteOnly.swift */; };
		A1D1F1AF2038257200C1A3FA /* RawOrWrap.swift in Sources */ = {isa = PBXBuildFile; fileRef = A106DA552038134D00291896 /* RawOrWrap.swift */; };
		A1D1F1B02038257200C1A3FA /* ReadWrite.swift in Sources */ = {isa = PBXBuildFile; fileRef = A106DA542038134D00291896 /* ReadWrite.swift */; };
		A1D1F1B12038257200C1A3FA /* Realm+Run.swift in Sources */ = {isa = PBXBuildFile; fileRef = A106DA582038134D00291896 /* Realm+Run.swift */; };
		A1D1F1B22038257200C1A3FA /* Realm+Util.swift in Sources */ = {isa = PBXBuildFile; fileRef = A106DA572038134D00291896 /* Realm+Util.swift */; };
		A1D1F1B32038257200C1A3FA /* RealmFlow.swift in Sources */ = {isa = PBXBuildFile; fileRef = A106DA532038134D00291896 /* RealmFlow.swift */; };
		A1D1F1B42038257200C1A3FA /* RealmFlow+Add.swift in Sources */ = {isa = PBXBuildFile; fileRef = A106DA5A2038134D00291896 /* RealmFlow+Add.swift */; };
		A1D1F1B52038257200C1A3FA /* RealmFlow+Delete.swift in Sources */ = {isa = PBXBuildFile; fileRef = A106DA512038134D00291896 /* RealmFlow+Delete.swift */; };
		A1D1F1B62038257200C1A3FA /* RealmFlow+ReadOnly.swift in Sources */ = {isa = PBXBuildFile; fileRef = A106DA562038134D00291896 /* RealmFlow+ReadOnly.swift */; };
		A1D1F1B72038257200C1A3FA /* RealmFlow+ReadWrite.swift in Sources */ = {isa = PBXBuildFile; fileRef = A106DA522038134D00291896 /* RealmFlow+ReadWrite.swift */; };
		A1D1F1B82038257200C1A3FA /* RealmFlow+Static.swift in Sources */ = {isa = PBXBuildFile; fileRef = A106DA502038134D00291896 /* RealmFlow+Static.swift */; };
		A1D1F1B92038257200C1A3FA /* RealmFlow+WriteOnly.swift in Sources */ = {isa = PBXBuildFile; fileRef = A106DA592038134D00291896 /* RealmFlow+WriteOnly.swift */; };
		A1D1F1BA2038257F00C1A3FA /* RawOrWrap.swift in Sources */ = {isa = PBXBuildFile; fileRef = A106DA552038134D00291896 /* RawOrWrap.swift */; };
		A1D1F1BB2038257F00C1A3FA /* ReadWrite.swift in Sources */ = {isa = PBXBuildFile; fileRef = A106DA542038134D00291896 /* ReadWrite.swift */; };
		A1D1F1BC2038257F00C1A3FA /* Realm+Run.swift in Sources */ = {isa = PBXBuildFile; fileRef = A106DA582038134D00291896 /* Realm+Run.swift */; };
		A1D1F1BD2038257F00C1A3FA /* Realm+Util.swift in Sources */ = {isa = PBXBuildFile; fileRef = A106DA572038134D00291896 /* Realm+Util.swift */; };
		A1D1F1BE2038257F00C1A3FA /* RealmFlow.swift in Sources */ = {isa = PBXBuildFile; fileRef = A106DA532038134D00291896 /* RealmFlow.swift */; };
		A1D1F1BF2038257F00C1A3FA /* RealmFlow+Add.swift in Sources */ = {isa = PBXBuildFile; fileRef = A106DA5A2038134D00291896 /* RealmFlow+Add.swift */; };
		A1D1F1C02038257F00C1A3FA /* RealmFlow+Delete.swift in Sources */ = {isa = PBXBuildFile; fileRef = A106DA512038134D00291896 /* RealmFlow+Delete.swift */; };
		A1D1F1C12038257F00C1A3FA /* RealmFlow+ReadOnly.swift in Sources */ = {isa = PBXBuildFile; fileRef = A106DA562038134D00291896 /* RealmFlow+ReadOnly.swift */; };
		A1D1F1C22038257F00C1A3FA /* RealmFlow+ReadWrite.swift in Sources */ = {isa = PBXBuildFile; fileRef = A106DA522038134D00291896 /* RealmFlow+ReadWrite.swift */; };
		A1D1F1C32038257F00C1A3FA /* RealmFlow+Static.swift in Sources */ = {isa = PBXBuildFile; fileRef = A106DA502038134D00291896 /* RealmFlow+Static.swift */; };
		A1D1F1C42038257F00C1A3FA /* RealmFlow+WriteOnly.swift in Sources */ = {isa = PBXBuildFile; fileRef = A106DA592038134D00291896 /* RealmFlow+WriteOnly.swift */; };
		A1D1F1C52038258B00C1A3FA /* RawOrWrap.swift in Sources */ = {isa = PBXBuildFile; fileRef = A106DA552038134D00291896 /* RawOrWrap.swift */; };
		A1D1F1C62038258B00C1A3FA /* ReadWrite.swift in Sources */ = {isa = PBXBuildFile; fileRef = A106DA542038134D00291896 /* ReadWrite.swift */; };
		A1D1F1C72038258B00C1A3FA /* Realm+Run.swift in Sources */ = {isa = PBXBuildFile; fileRef = A106DA582038134D00291896 /* Realm+Run.swift */; };
		A1D1F1C82038258B00C1A3FA /* Realm+Util.swift in Sources */ = {isa = PBXBuildFile; fileRef = A106DA572038134D00291896 /* Realm+Util.swift */; };
		A1D1F1C92038258B00C1A3FA /* RealmFlow.swift in Sources */ = {isa = PBXBuildFile; fileRef = A106DA532038134D00291896 /* RealmFlow.swift */; };
		A1D1F1CA2038258B00C1A3FA /* RealmFlow+Add.swift in Sources */ = {isa = PBXBuildFile; fileRef = A106DA5A2038134D00291896 /* RealmFlow+Add.swift */; };
		A1D1F1CB2038258B00C1A3FA /* RealmFlow+Delete.swift in Sources */ = {isa = PBXBuildFile; fileRef = A106DA512038134D00291896 /* RealmFlow+Delete.swift */; };
		A1D1F1CC2038258B00C1A3FA /* RealmFlow+ReadOnly.swift in Sources */ = {isa = PBXBuildFile; fileRef = A106DA562038134D00291896 /* RealmFlow+ReadOnly.swift */; };
		A1D1F1CD2038258B00C1A3FA /* RealmFlow+ReadWrite.swift in Sources */ = {isa = PBXBuildFile; fileRef = A106DA522038134D00291896 /* RealmFlow+ReadWrite.swift */; };
		A1D1F1CE2038258B00C1A3FA /* RealmFlow+Static.swift in Sources */ = {isa = PBXBuildFile; fileRef = A106DA502038134D00291896 /* RealmFlow+Static.swift */; };
		A1D1F1CF2038258B00C1A3FA /* RealmFlow+WriteOnly.swift in Sources */ = {isa = PBXBuildFile; fileRef = A106DA592038134D00291896 /* RealmFlow+WriteOnly.swift */; };
		A1D1F1D02038259700C1A3FA /* RawOrWrap.swift in Sources */ = {isa = PBXBuildFile; fileRef = A106DA552038134D00291896 /* RawOrWrap.swift */; };
		A1D1F1D12038259700C1A3FA /* ReadWrite.swift in Sources */ = {isa = PBXBuildFile; fileRef = A106DA542038134D00291896 /* ReadWrite.swift */; };
		A1D1F1D22038259700C1A3FA /* Realm+Run.swift in Sources */ = {isa = PBXBuildFile; fileRef = A106DA582038134D00291896 /* Realm+Run.swift */; };
		A1D1F1D32038259700C1A3FA /* Realm+Util.swift in Sources */ = {isa = PBXBuildFile; fileRef = A106DA572038134D00291896 /* Realm+Util.swift */; };
		A1D1F1D42038259700C1A3FA /* RealmFlow.swift in Sources */ = {isa = PBXBuildFile; fileRef = A106DA532038134D00291896 /* RealmFlow.swift */; };
		A1D1F1D52038259700C1A3FA /* RealmFlow+Add.swift in Sources */ = {isa = PBXBuildFile; fileRef = A106DA5A2038134D00291896 /* RealmFlow+Add.swift */; };
		A1D1F1D62038259700C1A3FA /* RealmFlow+Delete.swift in Sources */ = {isa = PBXBuildFile; fileRef = A106DA512038134D00291896 /* RealmFlow+Delete.swift */; };
		A1D1F1D72038259700C1A3FA /* RealmFlow+ReadOnly.swift in Sources */ = {isa = PBXBuildFile; fileRef = A106DA562038134D00291896 /* RealmFlow+ReadOnly.swift */; };
		A1D1F1D82038259700C1A3FA /* RealmFlow+ReadWrite.swift in Sources */ = {isa = PBXBuildFile; fileRef = A106DA522038134D00291896 /* RealmFlow+ReadWrite.swift */; };
		A1D1F1D92038259700C1A3FA /* RealmFlow+Static.swift in Sources */ = {isa = PBXBuildFile; fileRef = A106DA502038134D00291896 /* RealmFlow+Static.swift */; };
		A1D1F1DA2038259700C1A3FA /* RealmFlow+WriteOnly.swift in Sources */ = {isa = PBXBuildFile; fileRef = A106DA592038134D00291896 /* RealmFlow+WriteOnly.swift */; };
		A1D1F1DB203825A200C1A3FA /* RawOrWrap.swift in Sources */ = {isa = PBXBuildFile; fileRef = A106DA552038134D00291896 /* RawOrWrap.swift */; };
		A1D1F1DC203825A200C1A3FA /* ReadWrite.swift in Sources */ = {isa = PBXBuildFile; fileRef = A106DA542038134D00291896 /* ReadWrite.swift */; };
		A1D1F1DD203825A200C1A3FA /* Realm+Run.swift in Sources */ = {isa = PBXBuildFile; fileRef = A106DA582038134D00291896 /* Realm+Run.swift */; };
		A1D1F1DE203825A200C1A3FA /* Realm+Util.swift in Sources */ = {isa = PBXBuildFile; fileRef = A106DA572038134D00291896 /* Realm+Util.swift */; };
		A1D1F1DF203825A200C1A3FA /* RealmFlow.swift in Sources */ = {isa = PBXBuildFile; fileRef = A106DA532038134D00291896 /* RealmFlow.swift */; };
		A1D1F1E0203825A200C1A3FA /* RealmFlow+Add.swift in Sources */ = {isa = PBXBuildFile; fileRef = A106DA5A2038134D00291896 /* RealmFlow+Add.swift */; };
		A1D1F1E1203825A200C1A3FA /* RealmFlow+Delete.swift in Sources */ = {isa = PBXBuildFile; fileRef = A106DA512038134D00291896 /* RealmFlow+Delete.swift */; };
		A1D1F1E2203825A200C1A3FA /* RealmFlow+ReadOnly.swift in Sources */ = {isa = PBXBuildFile; fileRef = A106DA562038134D00291896 /* RealmFlow+ReadOnly.swift */; };
		A1D1F1E3203825A200C1A3FA /* RealmFlow+ReadWrite.swift in Sources */ = {isa = PBXBuildFile; fileRef = A106DA522038134D00291896 /* RealmFlow+ReadWrite.swift */; };
		A1D1F1E4203825A200C1A3FA /* RealmFlow+Static.swift in Sources */ = {isa = PBXBuildFile; fileRef = A106DA502038134D00291896 /* RealmFlow+Static.swift */; };
		A1D1F1E5203825A200C1A3FA /* RealmFlow+WriteOnly.swift in Sources */ = {isa = PBXBuildFile; fileRef = A106DA592038134D00291896 /* RealmFlow+WriteOnly.swift */; };
		A1D1F1E62038277000C1A3FA /* Realm.framework in Frameworks */ = {isa = PBXBuildFile; fileRef = A1D1F0EF2038153C00C1A3FA /* Realm.framework */; };
		A1D1F1E72038277000C1A3FA /* RealmSwift.framework in Frameworks */ = {isa = PBXBuildFile; fileRef = A1D1F0EE2038153C00C1A3FA /* RealmSwift.framework */; };
		A1D1F1E82038278F00C1A3FA /* Realm.framework in Frameworks */ = {isa = PBXBuildFile; fileRef = A1D1F0F32038187700C1A3FA /* Realm.framework */; };
		A1D1F1E92038278F00C1A3FA /* RealmSwift.framework in Frameworks */ = {isa = PBXBuildFile; fileRef = A1D1F0F22038187700C1A3FA /* RealmSwift.framework */; };
		A1D1F1EA203827B000C1A3FA /* Realm.framework in Frameworks */ = {isa = PBXBuildFile; fileRef = A1D1F0F6203818C100C1A3FA /* Realm.framework */; };
		A1D1F1EB203827B000C1A3FA /* RealmSwift.framework in Frameworks */ = {isa = PBXBuildFile; fileRef = A1D1F0F7203818C100C1A3FA /* RealmSwift.framework */; };
		A1D1F1EE203827FA00C1A3FA /* Realm.framework in Frameworks */ = {isa = PBXBuildFile; fileRef = A1D1F0FA203818D300C1A3FA /* Realm.framework */; };
		A1D1F1EF203827FA00C1A3FA /* RealmSwift.framework in Frameworks */ = {isa = PBXBuildFile; fileRef = A1D1F0FB203818D300C1A3FA /* RealmSwift.framework */; };
/* End PBXBuildFile section */

/* Begin PBXContainerItemProxy section */
		A106DA41203811DD00291896 /* PBXContainerItemProxy */ = {
			isa = PBXContainerItemProxy;
			containerPortal = A106DA2D203811DD00291896 /* Project object */;
			proxyType = 1;
			remoteGlobalIDString = A106DA35203811DD00291896;
			remoteInfo = RealmFlow;
		};
		A1D1F1472038243E00C1A3FA /* PBXContainerItemProxy */ = {
			isa = PBXContainerItemProxy;
			containerPortal = A106DA2D203811DD00291896 /* Project object */;
			proxyType = 1;
			remoteGlobalIDString = A1D1F13C2038243E00C1A3FA;
			remoteInfo = "RealmFlow iOS";
		};
		A1D1F1632038246400C1A3FA /* PBXContainerItemProxy */ = {
			isa = PBXContainerItemProxy;
			containerPortal = A106DA2D203811DD00291896 /* Project object */;
			proxyType = 1;
			remoteGlobalIDString = A1D1F1582038246400C1A3FA;
			remoteInfo = "RealmFlow macOS";
		};
		A1D1F17F2038247E00C1A3FA /* PBXContainerItemProxy */ = {
			isa = PBXContainerItemProxy;
			containerPortal = A106DA2D203811DD00291896 /* Project object */;
			proxyType = 1;
			remoteGlobalIDString = A1D1F1742038247E00C1A3FA;
			remoteInfo = "RealmFlow tvOS";
		};
/* End PBXContainerItemProxy section */

/* Begin PBXFileReference section */
		A106DA36203811DD00291896 /* RealmFlow.framework */ = {isa = PBXFileReference; explicitFileType = wrapper.framework; includeInIndex = 0; path = RealmFlow.framework; sourceTree = BUILT_PRODUCTS_DIR; };
		A106DA3A203811DD00291896 /* Info.plist */ = {isa = PBXFileReference; lastKnownFileType = text.plist.xml; path = Info.plist; sourceTree = "<group>"; };
		A106DA3F203811DD00291896 /* RealmFlowTests.xctest */ = {isa = PBXFileReference; explicitFileType = wrapper.cfbundle; includeInIndex = 0; path = RealmFlowTests.xctest; sourceTree = BUILT_PRODUCTS_DIR; };
		A106DA44203811DD00291896 /* RealmFlowTests.swift */ = {isa = PBXFileReference; lastKnownFileType = sourcecode.swift; path = RealmFlowTests.swift; sourceTree = "<group>"; };
		A106DA46203811DD00291896 /* Info.plist */ = {isa = PBXFileReference; lastKnownFileType = text.plist.xml; path = Info.plist; sourceTree = "<group>"; };
		A106DA502038134D00291896 /* RealmFlow+Static.swift */ = {isa = PBXFileReference; fileEncoding = 4; lastKnownFileType = sourcecode.swift; path = "RealmFlow+Static.swift"; sourceTree = "<group>"; };
		A106DA512038134D00291896 /* RealmFlow+Delete.swift */ = {isa = PBXFileReference; fileEncoding = 4; lastKnownFileType = sourcecode.swift; path = "RealmFlow+Delete.swift"; sourceTree = "<group>"; };
		A106DA522038134D00291896 /* RealmFlow+ReadWrite.swift */ = {isa = PBXFileReference; fileEncoding = 4; lastKnownFileType = sourcecode.swift; path = "RealmFlow+ReadWrite.swift"; sourceTree = "<group>"; };
		A106DA532038134D00291896 /* RealmFlow.swift */ = {isa = PBXFileReference; fileEncoding = 4; lastKnownFileType = sourcecode.swift; path = RealmFlow.swift; sourceTree = "<group>"; };
		A106DA542038134D00291896 /* ReadWrite.swift */ = {isa = PBXFileReference; fileEncoding = 4; lastKnownFileType = sourcecode.swift; path = ReadWrite.swift; sourceTree = "<group>"; };
		A106DA552038134D00291896 /* RawOrWrap.swift */ = {isa = PBXFileReference; fileEncoding = 4; lastKnownFileType = sourcecode.swift; path = RawOrWrap.swift; sourceTree = "<group>"; };
		A106DA562038134D00291896 /* RealmFlow+ReadOnly.swift */ = {isa = PBXFileReference; fileEncoding = 4; lastKnownFileType = sourcecode.swift; path = "RealmFlow+ReadOnly.swift"; sourceTree = "<group>"; };
		A106DA572038134D00291896 /* Realm+Util.swift */ = {isa = PBXFileReference; fileEncoding = 4; lastKnownFileType = sourcecode.swift; path = "Realm+Util.swift"; sourceTree = "<group>"; };
		A106DA582038134D00291896 /* Realm+Run.swift */ = {isa = PBXFileReference; fileEncoding = 4; lastKnownFileType = sourcecode.swift; path = "Realm+Run.swift"; sourceTree = "<group>"; };
		A106DA592038134D00291896 /* RealmFlow+WriteOnly.swift */ = {isa = PBXFileReference; fileEncoding = 4; lastKnownFileType = sourcecode.swift; path = "RealmFlow+WriteOnly.swift"; sourceTree = "<group>"; };
		A106DA5A2038134D00291896 /* RealmFlow+Add.swift */ = {isa = PBXFileReference; fileEncoding = 4; lastKnownFileType = sourcecode.swift; path = "RealmFlow+Add.swift"; sourceTree = "<group>"; };
		A15EA5AF2039A38F0019E3D7 /* RealmFlow+Combine.swift */ = {isa = PBXFileReference; lastKnownFileType = sourcecode.swift; path = "RealmFlow+Combine.swift"; sourceTree = "<group>"; };
		A1D1F0EE2038153C00C1A3FA /* RealmSwift.framework */ = {isa = PBXFileReference; lastKnownFileType = wrapper.framework; name = RealmSwift.framework; path = Carthage/Build/iOS/RealmSwift.framework; sourceTree = SOURCE_ROOT; };
		A1D1F0EF2038153C00C1A3FA /* Realm.framework */ = {isa = PBXFileReference; lastKnownFileType = wrapper.framework; name = Realm.framework; path = Carthage/Build/iOS/Realm.framework; sourceTree = SOURCE_ROOT; };
		A1D1F0F22038187700C1A3FA /* RealmSwift.framework */ = {isa = PBXFileReference; lastKnownFileType = wrapper.framework; name = RealmSwift.framework; path = Carthage/Build/Mac/RealmSwift.framework; sourceTree = SOURCE_ROOT; };
		A1D1F0F32038187700C1A3FA /* Realm.framework */ = {isa = PBXFileReference; lastKnownFileType = wrapper.framework; name = Realm.framework; path = Carthage/Build/Mac/Realm.framework; sourceTree = SOURCE_ROOT; };
		A1D1F0F6203818C100C1A3FA /* Realm.framework */ = {isa = PBXFileReference; lastKnownFileType = wrapper.framework; name = Realm.framework; path = Carthage/Build/tvOS/Realm.framework; sourceTree = SOURCE_ROOT; };
		A1D1F0F7203818C100C1A3FA /* RealmSwift.framework */ = {isa = PBXFileReference; lastKnownFileType = wrapper.framework; name = RealmSwift.framework; path = Carthage/Build/tvOS/RealmSwift.framework; sourceTree = SOURCE_ROOT; };
		A1D1F0FA203818D300C1A3FA /* Realm.framework */ = {isa = PBXFileReference; lastKnownFileType = wrapper.framework; name = Realm.framework; path = Carthage/Build/watchOS/Realm.framework; sourceTree = SOURCE_ROOT; };
		A1D1F0FB203818D300C1A3FA /* RealmSwift.framework */ = {isa = PBXFileReference; lastKnownFileType = wrapper.framework; name = RealmSwift.framework; path = Carthage/Build/watchOS/RealmSwift.framework; sourceTree = SOURCE_ROOT; };
		A1D1F13D2038243E00C1A3FA /* RealmFlow.framework */ = {isa = PBXFileReference; explicitFileType = wrapper.framework; includeInIndex = 0; path = RealmFlow.framework; sourceTree = BUILT_PRODUCTS_DIR; };
		A1D1F1452038243E00C1A3FA /* RealmFlow iOSTests.xctest */ = {isa = PBXFileReference; explicitFileType = wrapper.cfbundle; includeInIndex = 0; path = "RealmFlow iOSTests.xctest"; sourceTree = BUILT_PRODUCTS_DIR; };
		A1D1F1592038246400C1A3FA /* RealmFlow.framework */ = {isa = PBXFileReference; explicitFileType = wrapper.framework; includeInIndex = 0; path = RealmFlow.framework; sourceTree = BUILT_PRODUCTS_DIR; };
		A1D1F1612038246400C1A3FA /* RealmFlow macOSTests.xctest */ = {isa = PBXFileReference; explicitFileType = wrapper.cfbundle; includeInIndex = 0; path = "RealmFlow macOSTests.xctest"; sourceTree = BUILT_PRODUCTS_DIR; };
		A1D1F1752038247E00C1A3FA /* RealmFlow.framework */ = {isa = PBXFileReference; explicitFileType = wrapper.framework; includeInIndex = 0; path = RealmFlow.framework; sourceTree = BUILT_PRODUCTS_DIR; };
		A1D1F17D2038247E00C1A3FA /* RealmFlow tvOSTests.xctest */ = {isa = PBXFileReference; explicitFileType = wrapper.cfbundle; includeInIndex = 0; path = "RealmFlow tvOSTests.xctest"; sourceTree = BUILT_PRODUCTS_DIR; };
		A1D1F1912038249600C1A3FA /* RealmFlow.framework */ = {isa = PBXFileReference; explicitFileType = wrapper.framework; includeInIndex = 0; path = RealmFlow.framework; sourceTree = BUILT_PRODUCTS_DIR; };
/* End PBXFileReference section */

/* Begin PBXFrameworksBuildPhase section */
		A106DA32203811DD00291896 /* Frameworks */ = {
			isa = PBXFrameworksBuildPhase;
			buildActionMask = 2147483647;
			files = (
				A1D1F0FC203818D300C1A3FA /* Realm.framework in Frameworks */,
				A1D1F0FD203818D300C1A3FA /* RealmSwift.framework in Frameworks */,
				A1D1F0F8203818C100C1A3FA /* Realm.framework in Frameworks */,
				A1D1F0F9203818C100C1A3FA /* RealmSwift.framework in Frameworks */,
				A1D1F0F42038187700C1A3FA /* RealmSwift.framework in Frameworks */,
				A1D1F0F52038187700C1A3FA /* Realm.framework in Frameworks */,
				A1D1F0F02038153C00C1A3FA /* RealmSwift.framework in Frameworks */,
				A1D1F0F12038153C00C1A3FA /* Realm.framework in Frameworks */,
			);
			runOnlyForDeploymentPostprocessing = 0;
		};
		A106DA3C203811DD00291896 /* Frameworks */ = {
			isa = PBXFrameworksBuildPhase;
			buildActionMask = 2147483647;
			files = (
				A106DA40203811DD00291896 /* RealmFlow.framework in Frameworks */,
			);
			runOnlyForDeploymentPostprocessing = 0;
		};
		A1D1F1392038243E00C1A3FA /* Frameworks */ = {
			isa = PBXFrameworksBuildPhase;
			buildActionMask = 2147483647;
			files = (
				A1D1F1E62038277000C1A3FA /* Realm.framework in Frameworks */,
				A1D1F1E72038277000C1A3FA /* RealmSwift.framework in Frameworks */,
			);
			runOnlyForDeploymentPostprocessing = 0;
		};
		A1D1F1422038243E00C1A3FA /* Frameworks */ = {
			isa = PBXFrameworksBuildPhase;
			buildActionMask = 2147483647;
			files = (
				A1D1F1462038243E00C1A3FA /* RealmFlow.framework in Frameworks */,
			);
			runOnlyForDeploymentPostprocessing = 0;
		};
		A1D1F1552038246400C1A3FA /* Frameworks */ = {
			isa = PBXFrameworksBuildPhase;
			buildActionMask = 2147483647;
			files = (
				A1D1F1E82038278F00C1A3FA /* Realm.framework in Frameworks */,
				A1D1F1E92038278F00C1A3FA /* RealmSwift.framework in Frameworks */,
			);
			runOnlyForDeploymentPostprocessing = 0;
		};
		A1D1F15E2038246400C1A3FA /* Frameworks */ = {
			isa = PBXFrameworksBuildPhase;
			buildActionMask = 2147483647;
			files = (
				A1D1F1622038246400C1A3FA /* RealmFlow.framework in Frameworks */,
			);
			runOnlyForDeploymentPostprocessing = 0;
		};
		A1D1F1712038247E00C1A3FA /* Frameworks */ = {
			isa = PBXFrameworksBuildPhase;
			buildActionMask = 2147483647;
			files = (
				A1D1F1EA203827B000C1A3FA /* Realm.framework in Frameworks */,
				A1D1F1EB203827B000C1A3FA /* RealmSwift.framework in Frameworks */,
			);
			runOnlyForDeploymentPostprocessing = 0;
		};
		A1D1F17A2038247E00C1A3FA /* Frameworks */ = {
			isa = PBXFrameworksBuildPhase;
			buildActionMask = 2147483647;
			files = (
				A1D1F17E2038247E00C1A3FA /* RealmFlow.framework in Frameworks */,
			);
			runOnlyForDeploymentPostprocessing = 0;
		};
		A1D1F18D2038249600C1A3FA /* Frameworks */ = {
			isa = PBXFrameworksBuildPhase;
			buildActionMask = 2147483647;
			files = (
				A1D1F1EE203827FA00C1A3FA /* Realm.framework in Frameworks */,
				A1D1F1EF203827FA00C1A3FA /* RealmSwift.framework in Frameworks */,
			);
			runOnlyForDeploymentPostprocessing = 0;
		};
/* End PBXFrameworksBuildPhase section */

/* Begin PBXGroup section */
		A106DA2C203811DD00291896 = {
			isa = PBXGroup;
			children = (
				A1A80AD020390671002A2162 /* Configs */,
				A106DA662038142E00291896 /* Frameworks */,
				A106DA38203811DD00291896 /* RealmFlow */,
				A106DA43203811DD00291896 /* RealmFlowTests */,
				A106DA37203811DD00291896 /* Products */,
			);
			sourceTree = "<group>";
		};
		A106DA37203811DD00291896 /* Products */ = {
			isa = PBXGroup;
			children = (
				A106DA36203811DD00291896 /* RealmFlow.framework */,
				A106DA3F203811DD00291896 /* RealmFlowTests.xctest */,
				A1D1F13D2038243E00C1A3FA /* RealmFlow.framework */,
				A1D1F1452038243E00C1A3FA /* RealmFlow iOSTests.xctest */,
				A1D1F1592038246400C1A3FA /* RealmFlow.framework */,
				A1D1F1612038246400C1A3FA /* RealmFlow macOSTests.xctest */,
				A1D1F1752038247E00C1A3FA /* RealmFlow.framework */,
				A1D1F17D2038247E00C1A3FA /* RealmFlow tvOSTests.xctest */,
				A1D1F1912038249600C1A3FA /* RealmFlow.framework */,
			);
			name = Products;
			sourceTree = "<group>";
		};
		A106DA38203811DD00291896 /* RealmFlow */ = {
			isa = PBXGroup;
			children = (
				A106DA552038134D00291896 /* RawOrWrap.swift */,
				A106DA542038134D00291896 /* ReadWrite.swift */,
				A106DA582038134D00291896 /* Realm+Run.swift */,
				A106DA572038134D00291896 /* Realm+Util.swift */,
				A106DA532038134D00291896 /* RealmFlow.swift */,
				A106DA5A2038134D00291896 /* RealmFlow+Add.swift */,
				A106DA512038134D00291896 /* RealmFlow+Delete.swift */,
				A106DA562038134D00291896 /* RealmFlow+ReadOnly.swift */,
				A106DA522038134D00291896 /* RealmFlow+ReadWrite.swift */,
				A106DA502038134D00291896 /* RealmFlow+Static.swift */,
				A106DA592038134D00291896 /* RealmFlow+WriteOnly.swift */,
				A15EA5AF2039A38F0019E3D7 /* RealmFlow+Combine.swift */,
			);
			path = RealmFlow;
			sourceTree = "<group>";
		};
		A106DA43203811DD00291896 /* RealmFlowTests */ = {
			isa = PBXGroup;
			children = (
				A106DA44203811DD00291896 /* RealmFlowTests.swift */,
			);
			path = RealmFlowTests;
			sourceTree = "<group>";
		};
		A106DA662038142E00291896 /* Frameworks */ = {
			isa = PBXGroup;
			children = (
				A1D1F0FA203818D300C1A3FA /* Realm.framework */,
				A1D1F0FB203818D300C1A3FA /* RealmSwift.framework */,
				A1D1F0F6203818C100C1A3FA /* Realm.framework */,
				A1D1F0F7203818C100C1A3FA /* RealmSwift.framework */,
				A1D1F0F32038187700C1A3FA /* Realm.framework */,
				A1D1F0F22038187700C1A3FA /* RealmSwift.framework */,
				A1D1F0EF2038153C00C1A3FA /* Realm.framework */,
				A1D1F0EE2038153C00C1A3FA /* RealmSwift.framework */,
			);
			path = Frameworks;
			sourceTree = "<group>";
		};
		A1A80AD020390671002A2162 /* Configs */ = {
			isa = PBXGroup;
			children = (
				A1A80AD2203906A2002A2162 /* Tests */,
				A1A80AD120390690002A2162 /* Frameworks */,
			);
			path = Configs;
			sourceTree = "<group>";
		};
		A1A80AD120390690002A2162 /* Frameworks */ = {
			isa = PBXGroup;
			children = (
				A106DA3A203811DD00291896 /* Info.plist */,
			);
			path = Frameworks;
			sourceTree = "<group>";
		};
		A1A80AD2203906A2002A2162 /* Tests */ = {
			isa = PBXGroup;
			children = (
				A106DA46203811DD00291896 /* Info.plist */,
			);
			path = Tests;
			sourceTree = "<group>";
		};
/* End PBXGroup section */

/* Begin PBXHeadersBuildPhase section */
		A106DA33203811DD00291896 /* Headers */ = {
			isa = PBXHeadersBuildPhase;
			buildActionMask = 2147483647;
			files = (
			);
			runOnlyForDeploymentPostprocessing = 0;
		};
		A1D1F13A2038243E00C1A3FA /* Headers */ = {
			isa = PBXHeadersBuildPhase;
			buildActionMask = 2147483647;
			files = (
			);
			runOnlyForDeploymentPostprocessing = 0;
		};
		A1D1F1562038246400C1A3FA /* Headers */ = {
			isa = PBXHeadersBuildPhase;
			buildActionMask = 2147483647;
			files = (
			);
			runOnlyForDeploymentPostprocessing = 0;
		};
		A1D1F1722038247E00C1A3FA /* Headers */ = {
			isa = PBXHeadersBuildPhase;
			buildActionMask = 2147483647;
			files = (
			);
			runOnlyForDeploymentPostprocessing = 0;
		};
		A1D1F18E2038249600C1A3FA /* Headers */ = {
			isa = PBXHeadersBuildPhase;
			buildActionMask = 2147483647;
			files = (
			);
			runOnlyForDeploymentPostprocessing = 0;
		};
/* End PBXHeadersBuildPhase section */

/* Begin PBXNativeTarget section */
		A106DA35203811DD00291896 /* RealmFlow */ = {
			isa = PBXNativeTarget;
			buildConfigurationList = A106DA4A203811DD00291896 /* Build configuration list for PBXNativeTarget "RealmFlow" */;
			buildPhases = (
				A106DA31203811DD00291896 /* Sources */,
				A106DA32203811DD00291896 /* Frameworks */,
				A106DA33203811DD00291896 /* Headers */,
				A106DA34203811DD00291896 /* Resources */,
			);
			buildRules = (
			);
			dependencies = (
			);
			name = RealmFlow;
			productName = RealmFlow;
			productReference = A106DA36203811DD00291896 /* RealmFlow.framework */;
			productType = "com.apple.product-type.framework";
		};
		A106DA3E203811DD00291896 /* RealmFlowTests */ = {
			isa = PBXNativeTarget;
			buildConfigurationList = A106DA4D203811DD00291896 /* Build configuration list for PBXNativeTarget "RealmFlowTests" */;
			buildPhases = (
				A106DA3B203811DD00291896 /* Sources */,
				A106DA3C203811DD00291896 /* Frameworks */,
				A106DA3D203811DD00291896 /* Resources */,
			);
			buildRules = (
			);
			dependencies = (
				A106DA42203811DD00291896 /* PBXTargetDependency */,
			);
			name = RealmFlowTests;
			productName = RealmFlowTests;
			productReference = A106DA3F203811DD00291896 /* RealmFlowTests.xctest */;
			productType = "com.apple.product-type.bundle.unit-test";
		};
		A1D1F13C2038243E00C1A3FA /* RealmFlow iOS */ = {
			isa = PBXNativeTarget;
			buildConfigurationList = A1D1F14E2038243E00C1A3FA /* Build configuration list for PBXNativeTarget "RealmFlow iOS" */;
			buildPhases = (
				A1D1F1382038243E00C1A3FA /* Sources */,
				A1D1F1392038243E00C1A3FA /* Frameworks */,
				A1D1F13A2038243E00C1A3FA /* Headers */,
				A1D1F13B2038243E00C1A3FA /* Resources */,
			);
			buildRules = (
			);
			dependencies = (
			);
			name = "RealmFlow iOS";
			productName = "RealmFlow iOS";
			productReference = A1D1F13D2038243E00C1A3FA /* RealmFlow.framework */;
			productType = "com.apple.product-type.framework";
		};
		A1D1F1442038243E00C1A3FA /* RealmFlow iOSTests */ = {
			isa = PBXNativeTarget;
			buildConfigurationList = A1D1F1512038243E00C1A3FA /* Build configuration list for PBXNativeTarget "RealmFlow iOSTests" */;
			buildPhases = (
				A1D1F1412038243E00C1A3FA /* Sources */,
				A1D1F1422038243E00C1A3FA /* Frameworks */,
				A1D1F1432038243E00C1A3FA /* Resources */,
			);
			buildRules = (
			);
			dependencies = (
				A1D1F1482038243E00C1A3FA /* PBXTargetDependency */,
			);
			name = "RealmFlow iOSTests";
			productName = "RealmFlow iOSTests";
			productReference = A1D1F1452038243E00C1A3FA /* RealmFlow iOSTests.xctest */;
			productType = "com.apple.product-type.bundle.unit-test";
		};
		A1D1F1582038246400C1A3FA /* RealmFlow macOS */ = {
			isa = PBXNativeTarget;
			buildConfigurationList = A1D1F16A2038246400C1A3FA /* Build configuration list for PBXNativeTarget "RealmFlow macOS" */;
			buildPhases = (
				A1D1F1542038246400C1A3FA /* Sources */,
				A1D1F1552038246400C1A3FA /* Frameworks */,
				A1D1F1562038246400C1A3FA /* Headers */,
				A1D1F1572038246400C1A3FA /* Resources */,
			);
			buildRules = (
			);
			dependencies = (
			);
			name = "RealmFlow macOS";
			productName = "RealmFlow macOS";
			productReference = A1D1F1592038246400C1A3FA /* RealmFlow.framework */;
			productType = "com.apple.product-type.framework";
		};
		A1D1F1602038246400C1A3FA /* RealmFlow macOSTests */ = {
			isa = PBXNativeTarget;
			buildConfigurationList = A1D1F16D2038246400C1A3FA /* Build configuration list for PBXNativeTarget "RealmFlow macOSTests" */;
			buildPhases = (
				A1D1F15D2038246400C1A3FA /* Sources */,
				A1D1F15E2038246400C1A3FA /* Frameworks */,
				A1D1F15F2038246400C1A3FA /* Resources */,
			);
			buildRules = (
			);
			dependencies = (
				A1D1F1642038246400C1A3FA /* PBXTargetDependency */,
			);
			name = "RealmFlow macOSTests";
			productName = "RealmFlow macOSTests";
			productReference = A1D1F1612038246400C1A3FA /* RealmFlow macOSTests.xctest */;
			productType = "com.apple.product-type.bundle.unit-test";
		};
		A1D1F1742038247E00C1A3FA /* RealmFlow tvOS */ = {
			isa = PBXNativeTarget;
			buildConfigurationList = A1D1F1862038247E00C1A3FA /* Build configuration list for PBXNativeTarget "RealmFlow tvOS" */;
			buildPhases = (
				A1D1F1702038247E00C1A3FA /* Sources */,
				A1D1F1712038247E00C1A3FA /* Frameworks */,
				A1D1F1722038247E00C1A3FA /* Headers */,
				A1D1F1732038247E00C1A3FA /* Resources */,
			);
			buildRules = (
			);
			dependencies = (
			);
			name = "RealmFlow tvOS";
			productName = "RealmFlow tvOS";
			productReference = A1D1F1752038247E00C1A3FA /* RealmFlow.framework */;
			productType = "com.apple.product-type.framework";
		};
		A1D1F17C2038247E00C1A3FA /* RealmFlow tvOSTests */ = {
			isa = PBXNativeTarget;
			buildConfigurationList = A1D1F1892038247E00C1A3FA /* Build configuration list for PBXNativeTarget "RealmFlow tvOSTests" */;
			buildPhases = (
				A1D1F1792038247E00C1A3FA /* Sources */,
				A1D1F17A2038247E00C1A3FA /* Frameworks */,
				A1D1F17B2038247E00C1A3FA /* Resources */,
			);
			buildRules = (
			);
			dependencies = (
				A1D1F1802038247E00C1A3FA /* PBXTargetDependency */,
			);
			name = "RealmFlow tvOSTests";
			productName = "RealmFlow tvOSTests";
			productReference = A1D1F17D2038247E00C1A3FA /* RealmFlow tvOSTests.xctest */;
			productType = "com.apple.product-type.bundle.unit-test";
		};
		A1D1F1902038249600C1A3FA /* RealmFlow watchOS */ = {
			isa = PBXNativeTarget;
			buildConfigurationList = A1D1F1962038249600C1A3FA /* Build configuration list for PBXNativeTarget "RealmFlow watchOS" */;
			buildPhases = (
				A1D1F18C2038249600C1A3FA /* Sources */,
				A1D1F18D2038249600C1A3FA /* Frameworks */,
				A1D1F18E2038249600C1A3FA /* Headers */,
				A1D1F18F2038249600C1A3FA /* Resources */,
			);
			buildRules = (
			);
			dependencies = (
			);
			name = "RealmFlow watchOS";
			productName = "RealmFlow watchOS";
			productReference = A1D1F1912038249600C1A3FA /* RealmFlow.framework */;
			productType = "com.apple.product-type.framework";
		};
/* End PBXNativeTarget section */

/* Begin PBXProject section */
		A106DA2D203811DD00291896 /* Project object */ = {
			isa = PBXProject;
			attributes = {
				LastSwiftUpdateCheck = 0920;
				LastUpgradeCheck = 0920;
				ORGANIZATIONNAME = "jun suzuki";
				TargetAttributes = {
					A106DA35203811DD00291896 = {
						CreatedOnToolsVersion = 9.2;
						LastSwiftMigration = 0920;
						ProvisioningStyle = Automatic;
					};
					A106DA3E203811DD00291896 = {
						CreatedOnToolsVersion = 9.2;
						ProvisioningStyle = Automatic;
					};
					A1D1F13C2038243E00C1A3FA = {
						CreatedOnToolsVersion = 9.2;
						ProvisioningStyle = Automatic;
					};
					A1D1F1442038243E00C1A3FA = {
						CreatedOnToolsVersion = 9.2;
						ProvisioningStyle = Automatic;
					};
					A1D1F1582038246400C1A3FA = {
						CreatedOnToolsVersion = 9.2;
						ProvisioningStyle = Automatic;
					};
					A1D1F1602038246400C1A3FA = {
						CreatedOnToolsVersion = 9.2;
						ProvisioningStyle = Automatic;
					};
					A1D1F1742038247E00C1A3FA = {
						CreatedOnToolsVersion = 9.2;
						ProvisioningStyle = Automatic;
					};
					A1D1F17C2038247E00C1A3FA = {
						CreatedOnToolsVersion = 9.2;
						ProvisioningStyle = Automatic;
					};
					A1D1F1902038249600C1A3FA = {
						CreatedOnToolsVersion = 9.2;
						ProvisioningStyle = Automatic;
					};
				};
			};
			buildConfigurationList = A106DA30203811DD00291896 /* Build configuration list for PBXProject "RealmFlow" */;
			compatibilityVersion = "Xcode 8.0";
			developmentRegion = en;
			hasScannedForEncodings = 0;
			knownRegions = (
				en,
			);
			mainGroup = A106DA2C203811DD00291896;
			productRefGroup = A106DA37203811DD00291896 /* Products */;
			projectDirPath = "";
			projectRoot = "";
			targets = (
				A106DA35203811DD00291896 /* RealmFlow */,
				A106DA3E203811DD00291896 /* RealmFlowTests */,
				A1D1F13C2038243E00C1A3FA /* RealmFlow iOS */,
				A1D1F1442038243E00C1A3FA /* RealmFlow iOSTests */,
				A1D1F1582038246400C1A3FA /* RealmFlow macOS */,
				A1D1F1602038246400C1A3FA /* RealmFlow macOSTests */,
				A1D1F1742038247E00C1A3FA /* RealmFlow tvOS */,
				A1D1F17C2038247E00C1A3FA /* RealmFlow tvOSTests */,
				A1D1F1902038249600C1A3FA /* RealmFlow watchOS */,
			);
		};
/* End PBXProject section */

/* Begin PBXResourcesBuildPhase section */
		A106DA34203811DD00291896 /* Resources */ = {
			isa = PBXResourcesBuildPhase;
			buildActionMask = 2147483647;
			files = (
			);
			runOnlyForDeploymentPostprocessing = 0;
		};
		A106DA3D203811DD00291896 /* Resources */ = {
			isa = PBXResourcesBuildPhase;
			buildActionMask = 2147483647;
			files = (
			);
			runOnlyForDeploymentPostprocessing = 0;
		};
		A1D1F13B2038243E00C1A3FA /* Resources */ = {
			isa = PBXResourcesBuildPhase;
			buildActionMask = 2147483647;
			files = (
			);
			runOnlyForDeploymentPostprocessing = 0;
		};
		A1D1F1432038243E00C1A3FA /* Resources */ = {
			isa = PBXResourcesBuildPhase;
			buildActionMask = 2147483647;
			files = (
			);
			runOnlyForDeploymentPostprocessing = 0;
		};
		A1D1F1572038246400C1A3FA /* Resources */ = {
			isa = PBXResourcesBuildPhase;
			buildActionMask = 2147483647;
			files = (
			);
			runOnlyForDeploymentPostprocessing = 0;
		};
		A1D1F15F2038246400C1A3FA /* Resources */ = {
			isa = PBXResourcesBuildPhase;
			buildActionMask = 2147483647;
			files = (
			);
			runOnlyForDeploymentPostprocessing = 0;
		};
		A1D1F1732038247E00C1A3FA /* Resources */ = {
			isa = PBXResourcesBuildPhase;
			buildActionMask = 2147483647;
			files = (
			);
			runOnlyForDeploymentPostprocessing = 0;
		};
		A1D1F17B2038247E00C1A3FA /* Resources */ = {
			isa = PBXResourcesBuildPhase;
			buildActionMask = 2147483647;
			files = (
			);
			runOnlyForDeploymentPostprocessing = 0;
		};
		A1D1F18F2038249600C1A3FA /* Resources */ = {
			isa = PBXResourcesBuildPhase;
			buildActionMask = 2147483647;
			files = (
			);
			runOnlyForDeploymentPostprocessing = 0;
		};
/* End PBXResourcesBuildPhase section */

/* Begin PBXSourcesBuildPhase section */
		A106DA31203811DD00291896 /* Sources */ = {
			isa = PBXSourcesBuildPhase;
			buildActionMask = 2147483647;
			files = (
				A106DA5C2038134D00291896 /* RealmFlow+Delete.swift in Sources */,
				A106DA5D2038134D00291896 /* RealmFlow+ReadWrite.swift in Sources */,
				A106DA632038134D00291896 /* Realm+Run.swift in Sources */,
				A15EA5B02039A38F0019E3D7 /* RealmFlow+Combine.swift in Sources */,
				A106DA612038134D00291896 /* RealmFlow+ReadOnly.swift in Sources */,
				A106DA5B2038134D00291896 /* RealmFlow+Static.swift in Sources */,
				A106DA602038134D00291896 /* RawOrWrap.swift in Sources */,
				A106DA622038134D00291896 /* Realm+Util.swift in Sources */,
				A106DA652038134D00291896 /* RealmFlow+Add.swift in Sources */,
				A106DA642038134D00291896 /* RealmFlow+WriteOnly.swift in Sources */,
				A106DA5F2038134D00291896 /* ReadWrite.swift in Sources */,
				A106DA5E2038134D00291896 /* RealmFlow.swift in Sources */,
			);
			runOnlyForDeploymentPostprocessing = 0;
		};
		A106DA3B203811DD00291896 /* Sources */ = {
			isa = PBXSourcesBuildPhase;
			buildActionMask = 2147483647;
			files = (
				A106DA45203811DD00291896 /* RealmFlowTests.swift in Sources */,
			);
			runOnlyForDeploymentPostprocessing = 0;
		};
		A1D1F1382038243E00C1A3FA /* Sources */ = {
			isa = PBXSourcesBuildPhase;
			buildActionMask = 2147483647;
			files = (
				A1D1F1992038253600C1A3FA /* RawOrWrap.swift in Sources */,
				A1D1F19A2038253600C1A3FA /* ReadWrite.swift in Sources */,
				A1D1F19B2038253600C1A3FA /* Realm+Run.swift in Sources */,
				A1D1F19C2038253600C1A3FA /* Realm+Util.swift in Sources */,
				A1D1F19D2038253600C1A3FA /* RealmFlow.swift in Sources */,
				A1D1F19E2038253600C1A3FA /* RealmFlow+Add.swift in Sources */,
				A1D1F19F2038253600C1A3FA /* RealmFlow+Delete.swift in Sources */,
				A1D1F1A02038253600C1A3FA /* RealmFlow+ReadOnly.swift in Sources */,
				A1D1F1A12038253600C1A3FA /* RealmFlow+ReadWrite.swift in Sources */,
				A1D1F1A22038253600C1A3FA /* RealmFlow+Static.swift in Sources */,
				A1D1F1A32038253600C1A3FA /* RealmFlow+WriteOnly.swift in Sources */,
				A15EA5B12039AB450019E3D7 /* RealmFlow+Combine.swift in Sources */,
			);
			runOnlyForDeploymentPostprocessing = 0;
		};
		A1D1F1412038243E00C1A3FA /* Sources */ = {
			isa = PBXSourcesBuildPhase;
			buildActionMask = 2147483647;
			files = (
				A1D1F1A42038255700C1A3FA /* RawOrWrap.swift in Sources */,
				A1D1F1A52038255700C1A3FA /* ReadWrite.swift in Sources */,
				A1D1F1A62038255700C1A3FA /* Realm+Run.swift in Sources */,
				A1D1F1A72038255700C1A3FA /* Realm+Util.swift in Sources */,
				A1D1F1A82038255700C1A3FA /* RealmFlow.swift in Sources */,
				A1D1F1A92038255700C1A3FA /* RealmFlow+Add.swift in Sources */,
				A1D1F1AA2038255700C1A3FA /* RealmFlow+Delete.swift in Sources */,
				A1D1F1AB2038255700C1A3FA /* RealmFlow+ReadOnly.swift in Sources */,
				A1D1F1AC2038255700C1A3FA /* RealmFlow+ReadWrite.swift in Sources */,
				A1D1F1AD2038255700C1A3FA /* RealmFlow+Static.swift in Sources */,
				A1D1F1AE2038255700C1A3FA /* RealmFlow+WriteOnly.swift in Sources */,
				A15EA5B22039AB4F0019E3D7 /* RealmFlow+Combine.swift in Sources */,
			);
			runOnlyForDeploymentPostprocessing = 0;
		};
		A1D1F1542038246400C1A3FA /* Sources */ = {
			isa = PBXSourcesBuildPhase;
			buildActionMask = 2147483647;
			files = (
				A1D1F1AF2038257200C1A3FA /* RawOrWrap.swift in Sources */,
				A1D1F1B02038257200C1A3FA /* ReadWrite.swift in Sources */,
				A1D1F1B12038257200C1A3FA /* Realm+Run.swift in Sources */,
				A1D1F1B22038257200C1A3FA /* Realm+Util.swift in Sources */,
				A1D1F1B32038257200C1A3FA /* RealmFlow.swift in Sources */,
				A1D1F1B42038257200C1A3FA /* RealmFlow+Add.swift in Sources */,
				A1D1F1B52038257200C1A3FA /* RealmFlow+Delete.swift in Sources */,
				A1D1F1B62038257200C1A3FA /* RealmFlow+ReadOnly.swift in Sources */,
				A1D1F1B72038257200C1A3FA /* RealmFlow+ReadWrite.swift in Sources */,
				A1D1F1B82038257200C1A3FA /* RealmFlow+Static.swift in Sources */,
				A1D1F1B92038257200C1A3FA /* RealmFlow+WriteOnly.swift in Sources */,
				A15EA5B32039AB550019E3D7 /* RealmFlow+Combine.swift in Sources */,
			);
			runOnlyForDeploymentPostprocessing = 0;
		};
		A1D1F15D2038246400C1A3FA /* Sources */ = {
			isa = PBXSourcesBuildPhase;
			buildActionMask = 2147483647;
			files = (
				A1D1F1BA2038257F00C1A3FA /* RawOrWrap.swift in Sources */,
				A1D1F1BB2038257F00C1A3FA /* ReadWrite.swift in Sources */,
				A1D1F1BC2038257F00C1A3FA /* Realm+Run.swift in Sources */,
				A1D1F1BD2038257F00C1A3FA /* Realm+Util.swift in Sources */,
				A1D1F1BE2038257F00C1A3FA /* RealmFlow.swift in Sources */,
				A1D1F1BF2038257F00C1A3FA /* RealmFlow+Add.swift in Sources */,
				A1D1F1C02038257F00C1A3FA /* RealmFlow+Delete.swift in Sources */,
				A1D1F1C12038257F00C1A3FA /* RealmFlow+ReadOnly.swift in Sources */,
				A1D1F1C22038257F00C1A3FA /* RealmFlow+ReadWrite.swift in Sources */,
				A1D1F1C32038257F00C1A3FA /* RealmFlow+Static.swift in Sources */,
				A1D1F1C42038257F00C1A3FA /* RealmFlow+WriteOnly.swift in Sources */,
				A15EA5B42039AB5B0019E3D7 /* RealmFlow+Combine.swift in Sources */,
			);
			runOnlyForDeploymentPostprocessing = 0;
		};
		A1D1F1702038247E00C1A3FA /* Sources */ = {
			isa = PBXSourcesBuildPhase;
			buildActionMask = 2147483647;
			files = (
				A1D1F1C52038258B00C1A3FA /* RawOrWrap.swift in Sources */,
				A1D1F1C62038258B00C1A3FA /* ReadWrite.swift in Sources */,
				A1D1F1C72038258B00C1A3FA /* Realm+Run.swift in Sources */,
				A1D1F1C82038258B00C1A3FA /* Realm+Util.swift in Sources */,
				A1D1F1C92038258B00C1A3FA /* RealmFlow.swift in Sources */,
				A1D1F1CA2038258B00C1A3FA /* RealmFlow+Add.swift in Sources */,
				A1D1F1CB2038258B00C1A3FA /* RealmFlow+Delete.swift in Sources */,
				A1D1F1CC2038258B00C1A3FA /* RealmFlow+ReadOnly.swift in Sources */,
				A1D1F1CD2038258B00C1A3FA /* RealmFlow+ReadWrite.swift in Sources */,
				A1D1F1CE2038258B00C1A3FA /* RealmFlow+Static.swift in Sources */,
				A1D1F1CF2038258B00C1A3FA /* RealmFlow+WriteOnly.swift in Sources */,
				A15EA5B52039AB610019E3D7 /* RealmFlow+Combine.swift in Sources */,
			);
			runOnlyForDeploymentPostprocessing = 0;
		};
		A1D1F1792038247E00C1A3FA /* Sources */ = {
			isa = PBXSourcesBuildPhase;
			buildActionMask = 2147483647;
			files = (
				A1D1F1D02038259700C1A3FA /* RawOrWrap.swift in Sources */,
				A1D1F1D12038259700C1A3FA /* ReadWrite.swift in Sources */,
				A1D1F1D22038259700C1A3FA /* Realm+Run.swift in Sources */,
				A1D1F1D32038259700C1A3FA /* Realm+Util.swift in Sources */,
				A1D1F1D42038259700C1A3FA /* RealmFlow.swift in Sources */,
				A1D1F1D52038259700C1A3FA /* RealmFlow+Add.swift in Sources */,
				A1D1F1D62038259700C1A3FA /* RealmFlow+Delete.swift in Sources */,
				A1D1F1D72038259700C1A3FA /* RealmFlow+ReadOnly.swift in Sources */,
				A1D1F1D82038259700C1A3FA /* RealmFlow+ReadWrite.swift in Sources */,
				A1D1F1D92038259700C1A3FA /* RealmFlow+Static.swift in Sources */,
				A1D1F1DA2038259700C1A3FA /* RealmFlow+WriteOnly.swift in Sources */,
				A15EA5B62039AB670019E3D7 /* RealmFlow+Combine.swift in Sources */,
			);
			runOnlyForDeploymentPostprocessing = 0;
		};
		A1D1F18C2038249600C1A3FA /* Sources */ = {
			isa = PBXSourcesBuildPhase;
			buildActionMask = 2147483647;
			files = (
				A1D1F1DB203825A200C1A3FA /* RawOrWrap.swift in Sources */,
				A1D1F1DC203825A200C1A3FA /* ReadWrite.swift in Sources */,
				A1D1F1DD203825A200C1A3FA /* Realm+Run.swift in Sources */,
				A1D1F1DE203825A200C1A3FA /* Realm+Util.swift in Sources */,
				A1D1F1DF203825A200C1A3FA /* RealmFlow.swift in Sources */,
				A1D1F1E0203825A200C1A3FA /* RealmFlow+Add.swift in Sources */,
				A1D1F1E1203825A200C1A3FA /* RealmFlow+Delete.swift in Sources */,
				A1D1F1E2203825A200C1A3FA /* RealmFlow+ReadOnly.swift in Sources */,
				A1D1F1E3203825A200C1A3FA /* RealmFlow+ReadWrite.swift in Sources */,
				A1D1F1E4203825A200C1A3FA /* RealmFlow+Static.swift in Sources */,
				A1D1F1E5203825A200C1A3FA /* RealmFlow+WriteOnly.swift in Sources */,
				A15EA5B72039AB6D0019E3D7 /* RealmFlow+Combine.swift in Sources */,
			);
			runOnlyForDeploymentPostprocessing = 0;
		};
/* End PBXSourcesBuildPhase section */

/* Begin PBXTargetDependency section */
		A106DA42203811DD00291896 /* PBXTargetDependency */ = {
			isa = PBXTargetDependency;
			target = A106DA35203811DD00291896 /* RealmFlow */;
			targetProxy = A106DA41203811DD00291896 /* PBXContainerItemProxy */;
		};
		A1D1F1482038243E00C1A3FA /* PBXTargetDependency */ = {
			isa = PBXTargetDependency;
			target = A1D1F13C2038243E00C1A3FA /* RealmFlow iOS */;
			targetProxy = A1D1F1472038243E00C1A3FA /* PBXContainerItemProxy */;
		};
		A1D1F1642038246400C1A3FA /* PBXTargetDependency */ = {
			isa = PBXTargetDependency;
			target = A1D1F1582038246400C1A3FA /* RealmFlow macOS */;
			targetProxy = A1D1F1632038246400C1A3FA /* PBXContainerItemProxy */;
		};
		A1D1F1802038247E00C1A3FA /* PBXTargetDependency */ = {
			isa = PBXTargetDependency;
			target = A1D1F1742038247E00C1A3FA /* RealmFlow tvOS */;
			targetProxy = A1D1F17F2038247E00C1A3FA /* PBXContainerItemProxy */;
		};
/* End PBXTargetDependency section */

/* Begin XCBuildConfiguration section */
		A106DA48203811DD00291896 /* Debug */ = {
			isa = XCBuildConfiguration;
			buildSettings = {
				ALWAYS_SEARCH_USER_PATHS = NO;
				CLANG_ANALYZER_NONNULL = YES;
				CLANG_ANALYZER_NUMBER_OBJECT_CONVERSION = YES_AGGRESSIVE;
				CLANG_CXX_LANGUAGE_STANDARD = "gnu++14";
				CLANG_CXX_LIBRARY = "libc++";
				CLANG_ENABLE_MODULES = YES;
				CLANG_ENABLE_OBJC_ARC = YES;
				CLANG_WARN_BLOCK_CAPTURE_AUTORELEASING = YES;
				CLANG_WARN_BOOL_CONVERSION = YES;
				CLANG_WARN_COMMA = YES;
				CLANG_WARN_CONSTANT_CONVERSION = YES;
				CLANG_WARN_DIRECT_OBJC_ISA_USAGE = YES_ERROR;
				CLANG_WARN_DOCUMENTATION_COMMENTS = YES;
				CLANG_WARN_EMPTY_BODY = YES;
				CLANG_WARN_ENUM_CONVERSION = YES;
				CLANG_WARN_INFINITE_RECURSION = YES;
				CLANG_WARN_INT_CONVERSION = YES;
				CLANG_WARN_NON_LITERAL_NULL_CONVERSION = YES;
				CLANG_WARN_OBJC_LITERAL_CONVERSION = YES;
				CLANG_WARN_OBJC_ROOT_CLASS = YES_ERROR;
				CLANG_WARN_RANGE_LOOP_ANALYSIS = YES;
				CLANG_WARN_STRICT_PROTOTYPES = YES;
				CLANG_WARN_SUSPICIOUS_MOVE = YES;
				CLANG_WARN_UNGUARDED_AVAILABILITY = YES_AGGRESSIVE;
				CLANG_WARN_UNREACHABLE_CODE = YES;
				CLANG_WARN__DUPLICATE_METHOD_MATCH = YES;
				CODE_SIGN_IDENTITY = "iPhone Developer";
				COPY_PHASE_STRIP = NO;
				CURRENT_PROJECT_VERSION = 1;
				DEBUG_INFORMATION_FORMAT = dwarf;
				ENABLE_STRICT_OBJC_MSGSEND = YES;
				ENABLE_TESTABILITY = YES;
				GCC_C_LANGUAGE_STANDARD = gnu11;
				GCC_DYNAMIC_NO_PIC = NO;
				GCC_NO_COMMON_BLOCKS = YES;
				GCC_OPTIMIZATION_LEVEL = 0;
				GCC_PREPROCESSOR_DEFINITIONS = (
					"DEBUG=1",
					"$(inherited)",
				);
				GCC_WARN_64_TO_32_BIT_CONVERSION = YES;
				GCC_WARN_ABOUT_RETURN_TYPE = YES_ERROR;
				GCC_WARN_UNDECLARED_SELECTOR = YES;
				GCC_WARN_UNINITIALIZED_AUTOS = YES_AGGRESSIVE;
				GCC_WARN_UNUSED_FUNCTION = YES;
				GCC_WARN_UNUSED_VARIABLE = YES;
				IPHONEOS_DEPLOYMENT_TARGET = 11.2;
				MTL_ENABLE_DEBUG_INFO = YES;
				ONLY_ACTIVE_ARCH = YES;
				SDKROOT = iphoneos;
				SWIFT_ACTIVE_COMPILATION_CONDITIONS = DEBUG;
				SWIFT_OPTIMIZATION_LEVEL = "-Onone";
				VERSIONING_SYSTEM = "apple-generic";
				VERSION_INFO_PREFIX = "";
			};
			name = Debug;
		};
		A106DA49203811DD00291896 /* Release */ = {
			isa = XCBuildConfiguration;
			buildSettings = {
				ALWAYS_SEARCH_USER_PATHS = NO;
				CLANG_ANALYZER_NONNULL = YES;
				CLANG_ANALYZER_NUMBER_OBJECT_CONVERSION = YES_AGGRESSIVE;
				CLANG_CXX_LANGUAGE_STANDARD = "gnu++14";
				CLANG_CXX_LIBRARY = "libc++";
				CLANG_ENABLE_MODULES = YES;
				CLANG_ENABLE_OBJC_ARC = YES;
				CLANG_WARN_BLOCK_CAPTURE_AUTORELEASING = YES;
				CLANG_WARN_BOOL_CONVERSION = YES;
				CLANG_WARN_COMMA = YES;
				CLANG_WARN_CONSTANT_CONVERSION = YES;
				CLANG_WARN_DIRECT_OBJC_ISA_USAGE = YES_ERROR;
				CLANG_WARN_DOCUMENTATION_COMMENTS = YES;
				CLANG_WARN_EMPTY_BODY = YES;
				CLANG_WARN_ENUM_CONVERSION = YES;
				CLANG_WARN_INFINITE_RECURSION = YES;
				CLANG_WARN_INT_CONVERSION = YES;
				CLANG_WARN_NON_LITERAL_NULL_CONVERSION = YES;
				CLANG_WARN_OBJC_LITERAL_CONVERSION = YES;
				CLANG_WARN_OBJC_ROOT_CLASS = YES_ERROR;
				CLANG_WARN_RANGE_LOOP_ANALYSIS = YES;
				CLANG_WARN_STRICT_PROTOTYPES = YES;
				CLANG_WARN_SUSPICIOUS_MOVE = YES;
				CLANG_WARN_UNGUARDED_AVAILABILITY = YES_AGGRESSIVE;
				CLANG_WARN_UNREACHABLE_CODE = YES;
				CLANG_WARN__DUPLICATE_METHOD_MATCH = YES;
				CODE_SIGN_IDENTITY = "iPhone Developer";
				COPY_PHASE_STRIP = NO;
				CURRENT_PROJECT_VERSION = 1;
				DEBUG_INFORMATION_FORMAT = "dwarf-with-dsym";
				ENABLE_NS_ASSERTIONS = NO;
				ENABLE_STRICT_OBJC_MSGSEND = YES;
				GCC_C_LANGUAGE_STANDARD = gnu11;
				GCC_NO_COMMON_BLOCKS = YES;
				GCC_WARN_64_TO_32_BIT_CONVERSION = YES;
				GCC_WARN_ABOUT_RETURN_TYPE = YES_ERROR;
				GCC_WARN_UNDECLARED_SELECTOR = YES;
				GCC_WARN_UNINITIALIZED_AUTOS = YES_AGGRESSIVE;
				GCC_WARN_UNUSED_FUNCTION = YES;
				GCC_WARN_UNUSED_VARIABLE = YES;
				IPHONEOS_DEPLOYMENT_TARGET = 11.2;
				MTL_ENABLE_DEBUG_INFO = NO;
				SDKROOT = iphoneos;
				SWIFT_OPTIMIZATION_LEVEL = "-Owholemodule";
				VALIDATE_PRODUCT = YES;
				VERSIONING_SYSTEM = "apple-generic";
				VERSION_INFO_PREFIX = "";
			};
			name = Release;
		};
		A106DA4B203811DD00291896 /* Debug */ = {
			isa = XCBuildConfiguration;
			buildSettings = {
				CLANG_ENABLE_MODULES = YES;
				CODE_SIGN_IDENTITY = "";
				CODE_SIGN_STYLE = Automatic;
				DEFINES_MODULE = YES;
				DEVELOPMENT_TEAM = 5JJA3VPYD7;
				DYLIB_COMPATIBILITY_VERSION = 1;
				DYLIB_CURRENT_VERSION = 1;
				DYLIB_INSTALL_NAME_BASE = "@rpath";
				FRAMEWORK_SEARCH_PATHS = (
					"$(inherited)",
					"$(PROJECT_DIR)/Frameworks/iOS",
					"$(PROJECT_DIR)/Carthage/Build/iOS",
					"$(PROJECT_DIR)/Carthage/Build/Mac",
					"$(PROJECT_DIR)/Carthage/Build/tvOS",
					"$(PROJECT_DIR)/Carthage/Build/watchOS",
				);
				INFOPLIST_FILE = "$(SRCROOT)/Configs/Frameworks/Info.plist";
				INSTALL_PATH = "$(LOCAL_LIBRARY_DIR)/Frameworks";
				LD_RUNPATH_SEARCH_PATHS = "$(inherited) @executable_path/Frameworks @loader_path/Frameworks";
				PRODUCT_BUNDLE_IDENTIFIER = jp.soopy.RealmFlow;
				PRODUCT_NAME = "$(TARGET_NAME:c99extidentifier)";
				SKIP_INSTALL = YES;
				SUPPORTED_PLATFORMS = "iphonesimulator iphoneos";
				SWIFT_OPTIMIZATION_LEVEL = "-Onone";
				SWIFT_VERSION = 4.0;
				TARGETED_DEVICE_FAMILY = "1,2";
				VALID_ARCHS = "arm64 armv7 armv7s i386 x86_64";
			};
			name = Debug;
		};
		A106DA4C203811DD00291896 /* Release */ = {
			isa = XCBuildConfiguration;
			buildSettings = {
				CLANG_ENABLE_MODULES = YES;
				CODE_SIGN_IDENTITY = "";
				CODE_SIGN_STYLE = Automatic;
				DEFINES_MODULE = YES;
				DEVELOPMENT_TEAM = 5JJA3VPYD7;
				DYLIB_COMPATIBILITY_VERSION = 1;
				DYLIB_CURRENT_VERSION = 1;
				DYLIB_INSTALL_NAME_BASE = "@rpath";
				FRAMEWORK_SEARCH_PATHS = (
					"$(inherited)",
					"$(PROJECT_DIR)/Frameworks/iOS",
					"$(PROJECT_DIR)/Carthage/Build/iOS",
					"$(PROJECT_DIR)/Carthage/Build/Mac",
					"$(PROJECT_DIR)/Carthage/Build/tvOS",
					"$(PROJECT_DIR)/Carthage/Build/watchOS",
				);
				INFOPLIST_FILE = "$(SRCROOT)/Configs/Frameworks/Info.plist";
				INSTALL_PATH = "$(LOCAL_LIBRARY_DIR)/Frameworks";
				LD_RUNPATH_SEARCH_PATHS = "$(inherited) @executable_path/Frameworks @loader_path/Frameworks";
				PRODUCT_BUNDLE_IDENTIFIER = jp.soopy.RealmFlow;
				PRODUCT_NAME = "$(TARGET_NAME:c99extidentifier)";
				SKIP_INSTALL = YES;
				SUPPORTED_PLATFORMS = "iphonesimulator iphoneos";
				SWIFT_VERSION = 4.0;
				TARGETED_DEVICE_FAMILY = "1,2";
				VALID_ARCHS = "arm64 armv7 armv7s i386 x86_64";
			};
			name = Release;
		};
		A106DA4E203811DD00291896 /* Debug */ = {
			isa = XCBuildConfiguration;
			buildSettings = {
				ALWAYS_EMBED_SWIFT_STANDARD_LIBRARIES = YES;
				CODE_SIGN_STYLE = Automatic;
				DEVELOPMENT_TEAM = 5JJA3VPYD7;
				INFOPLIST_FILE = RealmFlowTests/Info.plist;
				LD_RUNPATH_SEARCH_PATHS = "$(inherited) @executable_path/Frameworks @loader_path/Frameworks";
				PRODUCT_BUNDLE_IDENTIFIER = jp.soopy.RealmFlowTests;
				PRODUCT_NAME = "$(TARGET_NAME)";
				SWIFT_VERSION = 4.0;
				TARGETED_DEVICE_FAMILY = "1,2";
			};
			name = Debug;
		};
		A106DA4F203811DD00291896 /* Release */ = {
			isa = XCBuildConfiguration;
			buildSettings = {
				ALWAYS_EMBED_SWIFT_STANDARD_LIBRARIES = YES;
				CODE_SIGN_STYLE = Automatic;
				DEVELOPMENT_TEAM = 5JJA3VPYD7;
				INFOPLIST_FILE = RealmFlowTests/Info.plist;
				LD_RUNPATH_SEARCH_PATHS = "$(inherited) @executable_path/Frameworks @loader_path/Frameworks";
				PRODUCT_BUNDLE_IDENTIFIER = jp.soopy.RealmFlowTests;
				PRODUCT_NAME = "$(TARGET_NAME)";
				SWIFT_VERSION = 4.0;
				TARGETED_DEVICE_FAMILY = "1,2";
			};
			name = Release;
		};
		A1D1F14F2038243E00C1A3FA /* Debug */ = {
			isa = XCBuildConfiguration;
			buildSettings = {
				CODE_SIGN_IDENTITY = "";
				CODE_SIGN_STYLE = Automatic;
				DEFINES_MODULE = YES;
				DEVELOPMENT_TEAM = 5JJA3VPYD7;
				DYLIB_COMPATIBILITY_VERSION = 1;
				DYLIB_CURRENT_VERSION = 1;
				DYLIB_INSTALL_NAME_BASE = "@rpath";
				FRAMEWORK_SEARCH_PATHS = (
					"$(inherited)",
					"$(PROJECT_DIR)/Carthage/Build/iOS",
				);
				INFOPLIST_FILE = "$(SRCROOT)/Configs/Frameworks/Info.plist";
				INSTALL_PATH = "$(LOCAL_LIBRARY_DIR)/Frameworks";
				LD_RUNPATH_SEARCH_PATHS = "$(inherited) @executable_path/Frameworks @loader_path/Frameworks";
				PRODUCT_BUNDLE_IDENTIFIER = "jp.soopy.RealmFlow-iOS";
				PRODUCT_NAME = RealmFlow;
				SKIP_INSTALL = YES;
				SWIFT_VERSION = 4.0;
				TARGETED_DEVICE_FAMILY = "1,2";
			};
			name = Debug;
		};
		A1D1F1502038243E00C1A3FA /* Release */ = {
			isa = XCBuildConfiguration;
			buildSettings = {
				CODE_SIGN_IDENTITY = "";
				CODE_SIGN_STYLE = Automatic;
				DEFINES_MODULE = YES;
				DEVELOPMENT_TEAM = 5JJA3VPYD7;
				DYLIB_COMPATIBILITY_VERSION = 1;
				DYLIB_CURRENT_VERSION = 1;
				DYLIB_INSTALL_NAME_BASE = "@rpath";
				FRAMEWORK_SEARCH_PATHS = (
					"$(inherited)",
					"$(PROJECT_DIR)/Carthage/Build/iOS",
				);
				INFOPLIST_FILE = "$(SRCROOT)/Configs/Frameworks/Info.plist";
				INSTALL_PATH = "$(LOCAL_LIBRARY_DIR)/Frameworks";
				LD_RUNPATH_SEARCH_PATHS = "$(inherited) @executable_path/Frameworks @loader_path/Frameworks";
				PRODUCT_BUNDLE_IDENTIFIER = "jp.soopy.RealmFlow-iOS";
				PRODUCT_NAME = RealmFlow;
				SKIP_INSTALL = YES;
				SWIFT_VERSION = 4.0;
				TARGETED_DEVICE_FAMILY = "1,2";
			};
			name = Release;
		};
		A1D1F1522038243E00C1A3FA /* Debug */ = {
			isa = XCBuildConfiguration;
			buildSettings = {
				ALWAYS_EMBED_SWIFT_STANDARD_LIBRARIES = YES;
				CODE_SIGN_STYLE = Automatic;
				DEVELOPMENT_TEAM = 5JJA3VPYD7;
				INFOPLIST_FILE = RealmFlowTests/Info.plist;
				LD_RUNPATH_SEARCH_PATHS = "$(inherited) @executable_path/Frameworks @loader_path/Frameworks";
				PRODUCT_BUNDLE_IDENTIFIER = "jp.soopy.RealmFlow-iOSTests";
				PRODUCT_NAME = "$(TARGET_NAME)";
				SWIFT_VERSION = 4.0;
				TARGETED_DEVICE_FAMILY = "1,2";
			};
			name = Debug;
		};
		A1D1F1532038243E00C1A3FA /* Release */ = {
			isa = XCBuildConfiguration;
			buildSettings = {
				ALWAYS_EMBED_SWIFT_STANDARD_LIBRARIES = YES;
				CODE_SIGN_STYLE = Automatic;
				DEVELOPMENT_TEAM = 5JJA3VPYD7;
				INFOPLIST_FILE = RealmFlowTests/Info.plist;
				LD_RUNPATH_SEARCH_PATHS = "$(inherited) @executable_path/Frameworks @loader_path/Frameworks";
				PRODUCT_BUNDLE_IDENTIFIER = "jp.soopy.RealmFlow-iOSTests";
				PRODUCT_NAME = "$(TARGET_NAME)";
				SWIFT_VERSION = 4.0;
				TARGETED_DEVICE_FAMILY = "1,2";
			};
			name = Release;
		};
		A1D1F16B2038246400C1A3FA /* Debug */ = {
			isa = XCBuildConfiguration;
			buildSettings = {
				CODE_SIGN_IDENTITY = "Mac Developer";
				CODE_SIGN_STYLE = Automatic;
				COMBINE_HIDPI_IMAGES = YES;
				DEFINES_MODULE = YES;
				DEVELOPMENT_TEAM = 5JJA3VPYD7;
				DYLIB_COMPATIBILITY_VERSION = 1;
				DYLIB_CURRENT_VERSION = 1;
				DYLIB_INSTALL_NAME_BASE = "@rpath";
				FRAMEWORK_SEARCH_PATHS = (
					"$(inherited)",
					"$(PROJECT_DIR)/Carthage/Build/Mac",
				);
				FRAMEWORK_VERSION = A;
				INFOPLIST_FILE = "$(SRCROOT)/Configs/Frameworks/Info.plist";
				INSTALL_PATH = "$(LOCAL_LIBRARY_DIR)/Frameworks";
				LD_RUNPATH_SEARCH_PATHS = "$(inherited) @executable_path/../Frameworks @loader_path/Frameworks";
				MACOSX_DEPLOYMENT_TARGET = 10.13;
				PRODUCT_BUNDLE_IDENTIFIER = "jp.soopy.RealmFlow-macOS";
				PRODUCT_NAME = RealmFlow;
				SDKROOT = macosx;
				SKIP_INSTALL = YES;
				SWIFT_VERSION = 4.0;
			};
			name = Debug;
		};
		A1D1F16C2038246400C1A3FA /* Release */ = {
			isa = XCBuildConfiguration;
			buildSettings = {
				CODE_SIGN_IDENTITY = "Mac Developer";
				CODE_SIGN_STYLE = Automatic;
				COMBINE_HIDPI_IMAGES = YES;
				DEFINES_MODULE = YES;
				DEVELOPMENT_TEAM = 5JJA3VPYD7;
				DYLIB_COMPATIBILITY_VERSION = 1;
				DYLIB_CURRENT_VERSION = 1;
				DYLIB_INSTALL_NAME_BASE = "@rpath";
				FRAMEWORK_SEARCH_PATHS = (
					"$(inherited)",
					"$(PROJECT_DIR)/Carthage/Build/Mac",
				);
				FRAMEWORK_VERSION = A;
				INFOPLIST_FILE = "$(SRCROOT)/Configs/Frameworks/Info.plist";
				INSTALL_PATH = "$(LOCAL_LIBRARY_DIR)/Frameworks";
				LD_RUNPATH_SEARCH_PATHS = "$(inherited) @executable_path/../Frameworks @loader_path/Frameworks";
				MACOSX_DEPLOYMENT_TARGET = 10.13;
				PRODUCT_BUNDLE_IDENTIFIER = "jp.soopy.RealmFlow-macOS";
				PRODUCT_NAME = RealmFlow;
				SDKROOT = macosx;
				SKIP_INSTALL = YES;
				SWIFT_VERSION = 4.0;
			};
			name = Release;
		};
		A1D1F16E2038246400C1A3FA /* Debug */ = {
			isa = XCBuildConfiguration;
			buildSettings = {
				ALWAYS_EMBED_SWIFT_STANDARD_LIBRARIES = YES;
				CODE_SIGN_IDENTITY = "Mac Developer";
				CODE_SIGN_STYLE = Automatic;
				COMBINE_HIDPI_IMAGES = YES;
				DEVELOPMENT_TEAM = 5JJA3VPYD7;
				INFOPLIST_FILE = RealmFlowTests/Info.plist;
				LD_RUNPATH_SEARCH_PATHS = "$(inherited) @executable_path/../Frameworks @loader_path/../Frameworks";
				MACOSX_DEPLOYMENT_TARGET = 10.13;
				PRODUCT_BUNDLE_IDENTIFIER = "jp.soopy.RealmFlow-macOSTests";
				PRODUCT_NAME = "$(TARGET_NAME)";
				SDKROOT = macosx;
				SWIFT_VERSION = 4.0;
			};
			name = Debug;
		};
		A1D1F16F2038246400C1A3FA /* Release */ = {
			isa = XCBuildConfiguration;
			buildSettings = {
				ALWAYS_EMBED_SWIFT_STANDARD_LIBRARIES = YES;
				CODE_SIGN_IDENTITY = "Mac Developer";
				CODE_SIGN_STYLE = Automatic;
				COMBINE_HIDPI_IMAGES = YES;
				DEVELOPMENT_TEAM = 5JJA3VPYD7;
				INFOPLIST_FILE = RealmFlowTests/Info.plist;
				LD_RUNPATH_SEARCH_PATHS = "$(inherited) @executable_path/../Frameworks @loader_path/../Frameworks";
				MACOSX_DEPLOYMENT_TARGET = 10.13;
				PRODUCT_BUNDLE_IDENTIFIER = "jp.soopy.RealmFlow-macOSTests";
				PRODUCT_NAME = "$(TARGET_NAME)";
				SDKROOT = macosx;
				SWIFT_VERSION = 4.0;
			};
			name = Release;
		};
		A1D1F1872038247E00C1A3FA /* Debug */ = {
			isa = XCBuildConfiguration;
			buildSettings = {
				CODE_SIGN_IDENTITY = "";
				CODE_SIGN_STYLE = Automatic;
				DEFINES_MODULE = YES;
				DEVELOPMENT_TEAM = 5JJA3VPYD7;
				DYLIB_COMPATIBILITY_VERSION = 1;
				DYLIB_CURRENT_VERSION = 1;
				DYLIB_INSTALL_NAME_BASE = "@rpath";
				FRAMEWORK_SEARCH_PATHS = (
					"$(inherited)",
					"$(PROJECT_DIR)/Carthage/Build/tvOS",
				);
				INFOPLIST_FILE = "$(SRCROOT)/Configs/Frameworks/Info.plist";
				INSTALL_PATH = "$(LOCAL_LIBRARY_DIR)/Frameworks";
				LD_RUNPATH_SEARCH_PATHS = "$(inherited) @executable_path/Frameworks @loader_path/Frameworks";
				PRODUCT_BUNDLE_IDENTIFIER = "jp.soopy.RealmFlow-tvOS";
				PRODUCT_NAME = RealmFlow;
				SDKROOT = appletvos;
				SKIP_INSTALL = YES;
				SWIFT_VERSION = 4.0;
				TARGETED_DEVICE_FAMILY = 3;
				TVOS_DEPLOYMENT_TARGET = 11.2;
			};
			name = Debug;
		};
		A1D1F1882038247E00C1A3FA /* Release */ = {
			isa = XCBuildConfiguration;
			buildSettings = {
				CODE_SIGN_IDENTITY = "";
				CODE_SIGN_STYLE = Automatic;
				DEFINES_MODULE = YES;
				DEVELOPMENT_TEAM = 5JJA3VPYD7;
				DYLIB_COMPATIBILITY_VERSION = 1;
				DYLIB_CURRENT_VERSION = 1;
				DYLIB_INSTALL_NAME_BASE = "@rpath";
				FRAMEWORK_SEARCH_PATHS = (
					"$(inherited)",
					"$(PROJECT_DIR)/Carthage/Build/tvOS",
				);
				INFOPLIST_FILE = "$(SRCROOT)/Configs/Frameworks/Info.plist";
				INSTALL_PATH = "$(LOCAL_LIBRARY_DIR)/Frameworks";
				LD_RUNPATH_SEARCH_PATHS = "$(inherited) @executable_path/Frameworks @loader_path/Frameworks";
				PRODUCT_BUNDLE_IDENTIFIER = "jp.soopy.RealmFlow-tvOS";
				PRODUCT_NAME = RealmFlow;
				SDKROOT = appletvos;
				SKIP_INSTALL = YES;
				SWIFT_VERSION = 4.0;
				TARGETED_DEVICE_FAMILY = 3;
				TVOS_DEPLOYMENT_TARGET = 11.2;
			};
			name = Release;
		};
		A1D1F18A2038247E00C1A3FA /* Debug */ = {
			isa = XCBuildConfiguration;
			buildSettings = {
				ALWAYS_EMBED_SWIFT_STANDARD_LIBRARIES = YES;
				CODE_SIGN_STYLE = Automatic;
				DEVELOPMENT_TEAM = 5JJA3VPYD7;
				INFOPLIST_FILE = RealmFlowTests/Info.plist;
				LD_RUNPATH_SEARCH_PATHS = "$(inherited) @executable_path/Frameworks @loader_path/Frameworks";
				PRODUCT_BUNDLE_IDENTIFIER = "jp.soopy.RealmFlow-tvOSTests";
				PRODUCT_NAME = "$(TARGET_NAME)";
				SDKROOT = appletvos;
				SWIFT_VERSION = 4.0;
				TARGETED_DEVICE_FAMILY = 3;
				TVOS_DEPLOYMENT_TARGET = 11.2;
			};
			name = Debug;
		};
		A1D1F18B2038247E00C1A3FA /* Release */ = {
			isa = XCBuildConfiguration;
			buildSettings = {
				ALWAYS_EMBED_SWIFT_STANDARD_LIBRARIES = YES;
				CODE_SIGN_STYLE = Automatic;
				DEVELOPMENT_TEAM = 5JJA3VPYD7;
				INFOPLIST_FILE = RealmFlowTests/Info.plist;
				LD_RUNPATH_SEARCH_PATHS = "$(inherited) @executable_path/Frameworks @loader_path/Frameworks";
				PRODUCT_BUNDLE_IDENTIFIER = "jp.soopy.RealmFlow-tvOSTests";
				PRODUCT_NAME = "$(TARGET_NAME)";
				SDKROOT = appletvos;
				SWIFT_VERSION = 4.0;
				TARGETED_DEVICE_FAMILY = 3;
				TVOS_DEPLOYMENT_TARGET = 11.2;
			};
			name = Release;
		};
		A1D1F1972038249600C1A3FA /* Debug */ = {
			isa = XCBuildConfiguration;
			buildSettings = {
				CODE_SIGN_IDENTITY = "";
				CODE_SIGN_STYLE = Automatic;
				DEFINES_MODULE = YES;
				DEVELOPMENT_TEAM = 5JJA3VPYD7;
				DYLIB_COMPATIBILITY_VERSION = 1;
				DYLIB_CURRENT_VERSION = 1;
				DYLIB_INSTALL_NAME_BASE = "@rpath";
				FRAMEWORK_SEARCH_PATHS = (
					"$(inherited)",
					"$(PROJECT_DIR)/Carthage/Build/watchOS",
				);
				INFOPLIST_FILE = "$(SRCROOT)/Configs/Frameworks/Info.plist";
				INSTALL_PATH = "$(LOCAL_LIBRARY_DIR)/Frameworks";
				LD_RUNPATH_SEARCH_PATHS = "$(inherited) @executable_path/Frameworks @loader_path/Frameworks";
				PRODUCT_BUNDLE_IDENTIFIER = "jp.soopy.RealmFlow-watchOS";
				PRODUCT_NAME = RealmFlow;
				SDKROOT = appletvos;
				SKIP_INSTALL = YES;
				SWIFT_VERSION = 4.0;
				TARGETED_DEVICE_FAMILY = 3;
				TVOS_DEPLOYMENT_TARGET = 11.2;
			};
			name = Debug;
		};
		A1D1F1982038249600C1A3FA /* Release */ = {
			isa = XCBuildConfiguration;
			buildSettings = {
				CODE_SIGN_IDENTITY = "";
				CODE_SIGN_STYLE = Automatic;
				DEFINES_MODULE = YES;
				DEVELOPMENT_TEAM = 5JJA3VPYD7;
				DYLIB_COMPATIBILITY_VERSION = 1;
				DYLIB_CURRENT_VERSION = 1;
				DYLIB_INSTALL_NAME_BASE = "@rpath";
				FRAMEWORK_SEARCH_PATHS = (
					"$(inherited)",
					"$(PROJECT_DIR)/Carthage/Build/watchOS",
				);
				INFOPLIST_FILE = "$(SRCROOT)/Configs/Frameworks/Info.plist";
				INSTALL_PATH = "$(LOCAL_LIBRARY_DIR)/Frameworks";
				LD_RUNPATH_SEARCH_PATHS = "$(inherited) @executable_path/Frameworks @loader_path/Frameworks";
				PRODUCT_BUNDLE_IDENTIFIER = "jp.soopy.RealmFlow-watchOS";
				PRODUCT_NAME = RealmFlow;
				SDKROOT = appletvos;
				SKIP_INSTALL = YES;
				SWIFT_VERSION = 4.0;
				TARGETED_DEVICE_FAMILY = 3;
				TVOS_DEPLOYMENT_TARGET = 11.2;
			};
			name = Release;
		};
/* End XCBuildConfiguration section */

/* Begin XCConfigurationList section */
		A106DA30203811DD00291896 /* Build configuration list for PBXProject "RealmFlow" */ = {
			isa = XCConfigurationList;
			buildConfigurations = (
				A106DA48203811DD00291896 /* Debug */,
				A106DA49203811DD00291896 /* Release */,
			);
			defaultConfigurationIsVisible = 0;
			defaultConfigurationName = Release;
		};
		A106DA4A203811DD00291896 /* Build configuration list for PBXNativeTarget "RealmFlow" */ = {
			isa = XCConfigurationList;
			buildConfigurations = (
				A106DA4B203811DD00291896 /* Debug */,
				A106DA4C203811DD00291896 /* Release */,
			);
			defaultConfigurationIsVisible = 0;
			defaultConfigurationName = Release;
		};
		A106DA4D203811DD00291896 /* Build configuration list for PBXNativeTarget "RealmFlowTests" */ = {
			isa = XCConfigurationList;
			buildConfigurations = (
				A106DA4E203811DD00291896 /* Debug */,
				A106DA4F203811DD00291896 /* Release */,
			);
			defaultConfigurationIsVisible = 0;
			defaultConfigurationName = Release;
		};
		A1D1F14E2038243E00C1A3FA /* Build configuration list for PBXNativeTarget "RealmFlow iOS" */ = {
			isa = XCConfigurationList;
			buildConfigurations = (
				A1D1F14F2038243E00C1A3FA /* Debug */,
				A1D1F1502038243E00C1A3FA /* Release */,
			);
			defaultConfigurationIsVisible = 0;
			defaultConfigurationName = Release;
		};
		A1D1F1512038243E00C1A3FA /* Build configuration list for PBXNativeTarget "RealmFlow iOSTests" */ = {
			isa = XCConfigurationList;
			buildConfigurations = (
				A1D1F1522038243E00C1A3FA /* Debug */,
				A1D1F1532038243E00C1A3FA /* Release */,
			);
			defaultConfigurationIsVisible = 0;
			defaultConfigurationName = Release;
		};
		A1D1F16A2038246400C1A3FA /* Build configuration list for PBXNativeTarget "RealmFlow macOS" */ = {
			isa = XCConfigurationList;
			buildConfigurations = (
				A1D1F16B2038246400C1A3FA /* Debug */,
				A1D1F16C2038246400C1A3FA /* Release */,
			);
			defaultConfigurationIsVisible = 0;
			defaultConfigurationName = Release;
		};
		A1D1F16D2038246400C1A3FA /* Build configuration list for PBXNativeTarget "RealmFlow macOSTests" */ = {
			isa = XCConfigurationList;
			buildConfigurations = (
				A1D1F16E2038246400C1A3FA /* Debug */,
				A1D1F16F2038246400C1A3FA /* Release */,
			);
			defaultConfigurationIsVisible = 0;
			defaultConfigurationName = Release;
		};
		A1D1F1862038247E00C1A3FA /* Build configuration list for PBXNativeTarget "RealmFlow tvOS" */ = {
			isa = XCConfigurationList;
			buildConfigurations = (
				A1D1F1872038247E00C1A3FA /* Debug */,
				A1D1F1882038247E00C1A3FA /* Release */,
			);
			defaultConfigurationIsVisible = 0;
			defaultConfigurationName = Release;
		};
		A1D1F1892038247E00C1A3FA /* Build configuration list for PBXNativeTarget "RealmFlow tvOSTests" */ = {
			isa = XCConfigurationList;
			buildConfigurations = (
				A1D1F18A2038247E00C1A3FA /* Debug */,
				A1D1F18B2038247E00C1A3FA /* Release */,
			);
			defaultConfigurationIsVisible = 0;
			defaultConfigurationName = Release;
		};
		A1D1F1962038249600C1A3FA /* Build configuration list for PBXNativeTarget "RealmFlow watchOS" */ = {
			isa = XCConfigurationList;
			buildConfigurations = (
				A1D1F1972038249600C1A3FA /* Debug */,
				A1D1F1982038249600C1A3FA /* Release */,
			);
			defaultConfigurationIsVisible = 0;
			defaultConfigurationName = Release;
		};
/* End XCConfigurationList section */
	};
	rootObject = A106DA2D203811DD00291896 /* Project object */;
}
